// !$*UTF8*$!
{
	archiveVersion = 1;
	classes = {
	};
	objectVersion = 46;
	objects = {

/* Begin PBXBuildFile section */
		620AF8A0147CD32800D2DA04 /* selected-cell-background.png in Resources */ = {isa = PBXBuildFile; fileRef = 620AF89E147CD32700D2DA04 /* selected-cell-background.png */; };
		620AF8A1147CD32800D2DA04 /* selected-cell-background@2x.png in Resources */ = {isa = PBXBuildFile; fileRef = 620AF89F147CD32700D2DA04 /* selected-cell-background@2x.png */; };
		620AF8A3147CDA9C00D2DA04 /* RDKCalendarViewController.m in Sources */ = {isa = PBXBuildFile; fileRef = 620AF8A2147CDA9C00D2DA04 /* RDKCalendarViewController.m */; };
		620AF8A5147CDB6C00D2DA04 /* RDKMapViewController.m in Sources */ = {isa = PBXBuildFile; fileRef = 620AF8A4147CDB6B00D2DA04 /* RDKMapViewController.m */; };
		620AF8A8147CEE4C00D2DA04 /* pagecontrol-active.png in Resources */ = {isa = PBXBuildFile; fileRef = 620AF8A7147CEE4A00D2DA04 /* pagecontrol-active.png */; };
		620C29D514835C3E006141F7 /* RDKCustomNavigationController.m in Sources */ = {isa = PBXBuildFile; fileRef = 620C29D414835C3E006141F7 /* RDKCustomNavigationController.m */; };
		620C29D9148394C2006141F7 /* RDKCustomTabBarController.m in Sources */ = {isa = PBXBuildFile; fileRef = 620C29D8148394C2006141F7 /* RDKCustomTabBarController.m */; };
		620FF1C5147E353E002D31DB /* clothes-bag-image.png in Resources */ = {isa = PBXBuildFile; fileRef = 620FF1BF147E353E002D31DB /* clothes-bag-image.png */; };
		620FF1C6147E353E002D31DB /* clothes-clothes-image.png in Resources */ = {isa = PBXBuildFile; fileRef = 620FF1C0147E353E002D31DB /* clothes-clothes-image.png */; };
		620FF1C7147E353E002D31DB /* clothes-selected-cell-background-image.png in Resources */ = {isa = PBXBuildFile; fileRef = 620FF1C1147E353E002D31DB /* clothes-selected-cell-background-image.png */; };
		620FF1C8147E353E002D31DB /* clothes-selected-cell-background-image@2x.png in Resources */ = {isa = PBXBuildFile; fileRef = 620FF1C2147E353E002D31DB /* clothes-selected-cell-background-image@2x.png */; };
		620FF1C9147E353E002D31DB /* clothes-shoe-image.png in Resources */ = {isa = PBXBuildFile; fileRef = 620FF1C3147E353E002D31DB /* clothes-shoe-image.png */; };
		620FF1CA147E353E002D31DB /* clothes-trousers-image.png in Resources */ = {isa = PBXBuildFile; fileRef = 620FF1C4147E353E002D31DB /* clothes-trousers-image.png */; };
		620FF1CD147E4225002D31DB /* RDKClothesTableViewCell.m in Sources */ = {isa = PBXBuildFile; fileRef = 620FF1CC147E4225002D31DB /* RDKClothesTableViewCell.m */; };
		62100B72147F4747003453B0 /* clothes-bag-image@2x.png in Resources */ = {isa = PBXBuildFile; fileRef = 62100B6E147F4747003453B0 /* clothes-bag-image@2x.png */; };
		62100B73147F4747003453B0 /* clothes-clothes-image@2x.png in Resources */ = {isa = PBXBuildFile; fileRef = 62100B6F147F4747003453B0 /* clothes-clothes-image@2x.png */; };
		62100B74147F4747003453B0 /* clothes-shoe-image@2x.png in Resources */ = {isa = PBXBuildFile; fileRef = 62100B70147F4747003453B0 /* clothes-shoe-image@2x.png */; };
		62100B75147F4747003453B0 /* clothes-trousers-image@2x.png in Resources */ = {isa = PBXBuildFile; fileRef = 62100B71147F4747003453B0 /* clothes-trousers-image@2x.png */; };
		62100B8E147F74EB003453B0 /* clothes-bag-cover-image.png in Resources */ = {isa = PBXBuildFile; fileRef = 62100B86147F74E8003453B0 /* clothes-bag-cover-image.png */; };
		62100B8F147F74EB003453B0 /* clothes-bag-cover-image@2x.png in Resources */ = {isa = PBXBuildFile; fileRef = 62100B87147F74E8003453B0 /* clothes-bag-cover-image@2x.png */; };
		62100B90147F74EB003453B0 /* clothes-clothes-cover-image.png in Resources */ = {isa = PBXBuildFile; fileRef = 62100B88147F74E8003453B0 /* clothes-clothes-cover-image.png */; };
		62100B91147F74EB003453B0 /* clothes-clothes-cover-image@2x.png in Resources */ = {isa = PBXBuildFile; fileRef = 62100B89147F74E9003453B0 /* clothes-clothes-cover-image@2x.png */; };
		62100B92147F74EB003453B0 /* clothes-shoe-cover-image.png in Resources */ = {isa = PBXBuildFile; fileRef = 62100B8A147F74E9003453B0 /* clothes-shoe-cover-image.png */; };
		62100B93147F74EB003453B0 /* clothes-shoe-cover-image@2x.png in Resources */ = {isa = PBXBuildFile; fileRef = 62100B8B147F74E9003453B0 /* clothes-shoe-cover-image@2x.png */; };
		62100B94147F74EB003453B0 /* clothes-trousers-cover-image.png in Resources */ = {isa = PBXBuildFile; fileRef = 62100B8C147F74EA003453B0 /* clothes-trousers-cover-image.png */; };
		62100B95147F74EB003453B0 /* clothes-trousers-cover-image@2x.png in Resources */ = {isa = PBXBuildFile; fileRef = 62100B8D147F74EB003453B0 /* clothes-trousers-cover-image@2x.png */; };
		62100BF2147F9FD8003453B0 /* gridview-cell-background-image.png in Resources */ = {isa = PBXBuildFile; fileRef = 62100BF0147F9FD5003453B0 /* gridview-cell-background-image.png */; };
		62100BF3147F9FD8003453B0 /* gridview-cell-background-image@2x.png in Resources */ = {isa = PBXBuildFile; fileRef = 62100BF1147F9FD7003453B0 /* gridview-cell-background-image@2x.png */; };
		62100BFA147FA231003453B0 /* clothes-gridview-cell-image-1.png in Resources */ = {isa = PBXBuildFile; fileRef = 62100BF4147FA22A003453B0 /* clothes-gridview-cell-image-1.png */; };
		62100BFB147FA231003453B0 /* clothes-gridview-cell-image-1@2x.png in Resources */ = {isa = PBXBuildFile; fileRef = 62100BF5147FA22B003453B0 /* clothes-gridview-cell-image-1@2x.png */; };
		62100BFC147FA231003453B0 /* clothes-gridview-cell-image-2.png in Resources */ = {isa = PBXBuildFile; fileRef = 62100BF6147FA22C003453B0 /* clothes-gridview-cell-image-2.png */; };
		62100BFD147FA231003453B0 /* clothes-gridview-cell-image-2@2x.png in Resources */ = {isa = PBXBuildFile; fileRef = 62100BF7147FA22D003453B0 /* clothes-gridview-cell-image-2@2x.png */; };
		62100BFE147FA231003453B0 /* clothes-gridview-cell-image-3.png in Resources */ = {isa = PBXBuildFile; fileRef = 62100BF8147FA22E003453B0 /* clothes-gridview-cell-image-3.png */; };
		62100BFF147FA231003453B0 /* clothes-gridview-cell-image-3@2x.png in Resources */ = {isa = PBXBuildFile; fileRef = 62100BF9147FA22F003453B0 /* clothes-gridview-cell-image-3@2x.png */; };
		621EBE9F14822B1000F649BC /* RDKClothesGridViewController.m in Sources */ = {isa = PBXBuildFile; fileRef = 621EBE9D14822B1000F649BC /* RDKClothesGridViewController.m */; };
		621EBEA014822B1000F649BC /* RDKClothesGridViewController.xib in Resources */ = {isa = PBXBuildFile; fileRef = 621EBE9E14822B1000F649BC /* RDKClothesGridViewController.xib */; };
		621EBEA81482301600F649BC /* RDKClothesItemTableViewCell.m in Sources */ = {isa = PBXBuildFile; fileRef = 621EBEA71482301600F649BC /* RDKClothesItemTableViewCell.m */; };
		62304599148DEFCD00759597 /* map-cell-image-1.png in Resources */ = {isa = PBXBuildFile; fileRef = 62304595148DEFCD00759597 /* map-cell-image-1.png */; };
		6230459A148DEFCD00759597 /* map-cell-image-1@2x.png in Resources */ = {isa = PBXBuildFile; fileRef = 62304596148DEFCD00759597 /* map-cell-image-1@2x.png */; };
		6230459B148DEFCD00759597 /* map-cell-image-2.png in Resources */ = {isa = PBXBuildFile; fileRef = 62304597148DEFCD00759597 /* map-cell-image-2.png */; };
		6230459C148DEFCD00759597 /* map-cell-image-2@2x.png in Resources */ = {isa = PBXBuildFile; fileRef = 62304598148DEFCD00759597 /* map-cell-image-2@2x.png */; };
		623045A0148DF10500759597 /* RDKMapTableViewCell.m in Sources */ = {isa = PBXBuildFile; fileRef = 6230459F148DF10500759597 /* RDKMapTableViewCell.m */; };
		623045A4148DFA0F00759597 /* RDKSubMapViewController.m in Sources */ = {isa = PBXBuildFile; fileRef = 623045A2148DFA0F00759597 /* RDKSubMapViewController.m */; };
		623045A5148DFA0F00759597 /* RDKSubMapViewController.xib in Resources */ = {isa = PBXBuildFile; fileRef = 623045A3148DFA0F00759597 /* RDKSubMapViewController.xib */; };
		623045A7148DFE1500759597 /* MapKit.framework in Frameworks */ = {isa = PBXBuildFile; fileRef = 623045A6148DFE1500759597 /* MapKit.framework */; };
		623045AA148E051A00759597 /* RDKCustomAnnotation.m in Sources */ = {isa = PBXBuildFile; fileRef = 623045A9148E051A00759597 /* RDKCustomAnnotation.m */; };
		6269F642147B8B3D008AFE51 /* AppDelegate.m in Sources */ = {isa = PBXBuildFile; fileRef = 6269F5EE147B8B3D008AFE51 /* AppDelegate.m */; };
		6269F643147B8B3D008AFE51 /* RDKBagViewController.m in Sources */ = {isa = PBXBuildFile; fileRef = 6269F5F2147B8B3D008AFE51 /* RDKBagViewController.m */; };
		6269F644147B8B3D008AFE51 /* RDKBagViewController.xib in Resources */ = {isa = PBXBuildFile; fileRef = 6269F5F3147B8B3D008AFE51 /* RDKBagViewController.xib */; };
		6269F646147B8B3D008AFE51 /* RDKCalendarViewController.xib in Resources */ = {isa = PBXBuildFile; fileRef = 6269F5F6147B8B3D008AFE51 /* RDKCalendarViewController.xib */; };
		6269F647147B8B3D008AFE51 /* RDKClothesViewController.m in Sources */ = {isa = PBXBuildFile; fileRef = 6269F5F8147B8B3D008AFE51 /* RDKClothesViewController.m */; };
		6269F648147B8B3D008AFE51 /* RDKClothesViewController.xib in Resources */ = {isa = PBXBuildFile; fileRef = 6269F5F9147B8B3D008AFE51 /* RDKClothesViewController.xib */; };
		6269F649147B8B3D008AFE51 /* RDKHomeViewController.m in Sources */ = {isa = PBXBuildFile; fileRef = 6269F5FB147B8B3D008AFE51 /* RDKHomeViewController.m */; };
		6269F64A147B8B3D008AFE51 /* RDKHomeViewController.xib in Resources */ = {isa = PBXBuildFile; fileRef = 6269F5FC147B8B3D008AFE51 /* RDKHomeViewController.xib */; };
		6269F64B147B8B3D008AFE51 /* RDKImageController.m in Sources */ = {isa = PBXBuildFile; fileRef = 6269F5FE147B8B3D008AFE51 /* RDKImageController.m */; };
		6269F64D147B8B3D008AFE51 /* RDKMapViewController.xib in Resources */ = {isa = PBXBuildFile; fileRef = 6269F601147B8B3D008AFE51 /* RDKMapViewController.xib */; };
		6269F64E147B8B3D008AFE51 /* RDKStyledPageControl.m in Sources */ = {isa = PBXBuildFile; fileRef = 6269F603147B8B3D008AFE51 /* RDKStyledPageControl.m */; };
		6269F64F147B8B3D008AFE51 /* RDKCustomTabBarItem.m in Sources */ = {isa = PBXBuildFile; fileRef = 6269F606147B8B3D008AFE51 /* RDKCustomTabBarItem.m */; };
		6269F650147B8B3D008AFE51 /* RDKCustomImage.m in Sources */ = {isa = PBXBuildFile; fileRef = 6269F608147B8B3D008AFE51 /* RDKCustomImage.m */; };
		6269F651147B8B3D008AFE51 /* RDKCustomScrollView.m in Sources */ = {isa = PBXBuildFile; fileRef = 6269F60C147B8B3D008AFE51 /* RDKCustomScrollView.m */; };
		6269F652147B8B3D008AFE51 /* RDKHomeTableViewCell.m in Sources */ = {isa = PBXBuildFile; fileRef = 6269F60E147B8B3D008AFE51 /* RDKHomeTableViewCell.m */; };
		6269F659147B8C51008AFE51 /* InfoPlist.strings in Resources */ = {isa = PBXBuildFile; fileRef = 6269F654147B8C51008AFE51 /* InfoPlist.strings */; };
		6269F65A147B8C51008AFE51 /* main.m in Sources */ = {isa = PBXBuildFile; fileRef = 6269F656147B8C51008AFE51 /* main.m */; };
		6269F65B147B8C51008AFE51 /* robe-Info.plist in Resources */ = {isa = PBXBuildFile; fileRef = 6269F657147B8C51008AFE51 /* robe-Info.plist */; };
		62C7101B14750296003DF763 /* UIKit.framework in Frameworks */ = {isa = PBXBuildFile; fileRef = 62C7101A14750296003DF763 /* UIKit.framework */; };
		62C7101D14750296003DF763 /* Foundation.framework in Frameworks */ = {isa = PBXBuildFile; fileRef = 62C7101C14750296003DF763 /* Foundation.framework */; };
		62C7101F14750296003DF763 /* CoreGraphics.framework in Frameworks */ = {isa = PBXBuildFile; fileRef = 62C7101E14750296003DF763 /* CoreGraphics.framework */; };
		62ED313D148764EA0097B6B5 /* clothes-bag-background-image.png in Resources */ = {isa = PBXBuildFile; fileRef = 62ED312D148764EA0097B6B5 /* clothes-bag-background-image.png */; };
		62ED313E148764EA0097B6B5 /* clothes-bag-background-image@2x.png in Resources */ = {isa = PBXBuildFile; fileRef = 62ED312E148764EA0097B6B5 /* clothes-bag-background-image@2x.png */; };
		62ED313F148764EA0097B6B5 /* Clothes-bag-shadow-image.png in Resources */ = {isa = PBXBuildFile; fileRef = 62ED312F148764EA0097B6B5 /* Clothes-bag-shadow-image.png */; };
		62ED3140148764EA0097B6B5 /* Clothes-bag-shadow-image@2x.png in Resources */ = {isa = PBXBuildFile; fileRef = 62ED3130148764EA0097B6B5 /* Clothes-bag-shadow-image@2x.png */; };
		62ED3141148764EA0097B6B5 /* clothes-bottom-background-image.png in Resources */ = {isa = PBXBuildFile; fileRef = 62ED3131148764EA0097B6B5 /* clothes-bottom-background-image.png */; };
		62ED3142148764EA0097B6B5 /* clothes-bottom-background-image@2x.png in Resources */ = {isa = PBXBuildFile; fileRef = 62ED3132148764EA0097B6B5 /* clothes-bottom-background-image@2x.png */; };
		62ED3143148764EA0097B6B5 /* clothes-orange-bag-color.png in Resources */ = {isa = PBXBuildFile; fileRef = 62ED3133148764EA0097B6B5 /* clothes-orange-bag-color.png */; };
		62ED3144148764EA0097B6B5 /* clothes-orange-bag-color@2x.png in Resources */ = {isa = PBXBuildFile; fileRef = 62ED3134148764EA0097B6B5 /* clothes-orange-bag-color@2x.png */; };
		62ED3145148764EA0097B6B5 /* clothes-orange-bag-image.png in Resources */ = {isa = PBXBuildFile; fileRef = 62ED3135148764EA0097B6B5 /* clothes-orange-bag-image.png */; };
		62ED3146148764EA0097B6B5 /* clothes-orange-bag-image@2x.png in Resources */ = {isa = PBXBuildFile; fileRef = 62ED3136148764EA0097B6B5 /* clothes-orange-bag-image@2x.png */; };
		62ED3147148764EA0097B6B5 /* clothes-silver-bag-color.png in Resources */ = {isa = PBXBuildFile; fileRef = 62ED3137148764EA0097B6B5 /* clothes-silver-bag-color.png */; };
		62ED3148148764EA0097B6B5 /* clothes-silver-bag-color@2x.png in Resources */ = {isa = PBXBuildFile; fileRef = 62ED3138148764EA0097B6B5 /* clothes-silver-bag-color@2x.png */; };
		62ED3149148764EA0097B6B5 /* clothes-silver-bag-image.png in Resources */ = {isa = PBXBuildFile; fileRef = 62ED3139148764EA0097B6B5 /* clothes-silver-bag-image.png */; };
		62ED314A148764EA0097B6B5 /* clothes-silver-bag-image@2x.png in Resources */ = {isa = PBXBuildFile; fileRef = 62ED313A148764EA0097B6B5 /* clothes-silver-bag-image@2x.png */; };
		62ED314B148764EA0097B6B5 /* clothes-small-silver-bag-image.png in Resources */ = {isa = PBXBuildFile; fileRef = 62ED313B148764EA0097B6B5 /* clothes-small-silver-bag-image.png */; };
		62ED314C148764EA0097B6B5 /* clothes-small-silver-bag-image@2x.png in Resources */ = {isa = PBXBuildFile; fileRef = 62ED313C148764EA0097B6B5 /* clothes-small-silver-bag-image@2x.png */; };
		62ED3151148765870097B6B5 /* RDKClothesDetailViewController.m in Sources */ = {isa = PBXBuildFile; fileRef = 62ED314F148765870097B6B5 /* RDKClothesDetailViewController.m */; };
		62ED3152148765870097B6B5 /* RDKClothesDetailViewController.xib in Resources */ = {isa = PBXBuildFile; fileRef = 62ED3150148765870097B6B5 /* RDKClothesDetailViewController.xib */; };
		FFAC22D8147CAE5800FA37B8 /* calendar-image-1.jpg in Resources */ = {isa = PBXBuildFile; fileRef = FFAC22A6147CAE5800FA37B8 /* calendar-image-1.jpg */; };
		FFAC22D9147CAE5800FA37B8 /* calendar-image-2.jpg in Resources */ = {isa = PBXBuildFile; fileRef = FFAC22A7147CAE5800FA37B8 /* calendar-image-2.jpg */; };
		FFAC22DA147CAE5800FA37B8 /* calendar-image-3.jpg in Resources */ = {isa = PBXBuildFile; fileRef = FFAC22A8147CAE5800FA37B8 /* calendar-image-3.jpg */; };
		FFAC22DD147CAE5800FA37B8 /* bottombar-background.png in Resources */ = {isa = PBXBuildFile; fileRef = FFAC22AC147CAE5800FA37B8 /* bottombar-background.png */; };
		FFAC22DE147CAE5800FA37B8 /* bottombar-background@2x.png in Resources */ = {isa = PBXBuildFile; fileRef = FFAC22AD147CAE5800FA37B8 /* bottombar-background@2x.png */; };
		FFAC22E8147CAE5800FA37B8 /* pagecontrol-unactive.png in Resources */ = {isa = PBXBuildFile; fileRef = FFAC22B7147CAE5800FA37B8 /* pagecontrol-unactive.png */; };
		FFAC22E9147CAE5800FA37B8 /* refresh-button.png in Resources */ = {isa = PBXBuildFile; fileRef = FFAC22B8147CAE5800FA37B8 /* refresh-button.png */; };
		FFAC22EA147CAE5800FA37B8 /* refresh-button@2x.png in Resources */ = {isa = PBXBuildFile; fileRef = FFAC22B9147CAE5800FA37B8 /* refresh-button@2x.png */; };
		FFAC22EB147CAE5800FA37B8 /* selected-bag-icon.png in Resources */ = {isa = PBXBuildFile; fileRef = FFAC22BA147CAE5800FA37B8 /* selected-bag-icon.png */; };
		FFAC22EC147CAE5800FA37B8 /* selected-bag-icon@2x.png in Resources */ = {isa = PBXBuildFile; fileRef = FFAC22BB147CAE5800FA37B8 /* selected-bag-icon@2x.png */; };
		FFAC22ED147CAE5800FA37B8 /* selected-calendar-icon.png in Resources */ = {isa = PBXBuildFile; fileRef = FFAC22BC147CAE5800FA37B8 /* selected-calendar-icon.png */; };
		FFAC22EE147CAE5800FA37B8 /* selected-calendar-icon@2x.png in Resources */ = {isa = PBXBuildFile; fileRef = FFAC22BD147CAE5800FA37B8 /* selected-calendar-icon@2x.png */; };
		FFAC22EF147CAE5800FA37B8 /* selected-clothes-icon.png in Resources */ = {isa = PBXBuildFile; fileRef = FFAC22BE147CAE5800FA37B8 /* selected-clothes-icon.png */; };
		FFAC22F0147CAE5800FA37B8 /* selected-clothes-icon@2x.png in Resources */ = {isa = PBXBuildFile; fileRef = FFAC22BF147CAE5800FA37B8 /* selected-clothes-icon@2x.png */; };
		FFAC22F1147CAE5800FA37B8 /* selected-home-icon.png in Resources */ = {isa = PBXBuildFile; fileRef = FFAC22C0147CAE5800FA37B8 /* selected-home-icon.png */; };
		FFAC22F2147CAE5800FA37B8 /* selected-home-icon@2x.png in Resources */ = {isa = PBXBuildFile; fileRef = FFAC22C1147CAE5800FA37B8 /* selected-home-icon@2x.png */; };
		FFAC22F3147CAE5800FA37B8 /* selected-map-icon.png in Resources */ = {isa = PBXBuildFile; fileRef = FFAC22C2147CAE5800FA37B8 /* selected-map-icon.png */; };
		FFAC22F4147CAE5800FA37B8 /* selected-map-icon@2x.png in Resources */ = {isa = PBXBuildFile; fileRef = FFAC22C3147CAE5800FA37B8 /* selected-map-icon@2x.png */; };
		FFAC22F5147CAE5800FA37B8 /* topbar-background-image.png in Resources */ = {isa = PBXBuildFile; fileRef = FFAC22C4147CAE5800FA37B8 /* topbar-background-image.png */; };
		FFAC22F6147CAE5800FA37B8 /* topbar-background-image@2x.png in Resources */ = {isa = PBXBuildFile; fileRef = FFAC22C5147CAE5800FA37B8 /* topbar-background-image@2x.png */; };
		FFAC22F9147CAE5800FA37B8 /* unselected-bag-icon.png in Resources */ = {isa = PBXBuildFile; fileRef = FFAC22C8147CAE5800FA37B8 /* unselected-bag-icon.png */; };
		FFAC22FA147CAE5800FA37B8 /* unselected-bag-icon@2x.png in Resources */ = {isa = PBXBuildFile; fileRef = FFAC22C9147CAE5800FA37B8 /* unselected-bag-icon@2x.png */; };
		FFAC22FB147CAE5800FA37B8 /* unselected-calendar-icon.png in Resources */ = {isa = PBXBuildFile; fileRef = FFAC22CA147CAE5800FA37B8 /* unselected-calendar-icon.png */; };
		FFAC22FC147CAE5800FA37B8 /* unselected-calendar-icon@2x.png in Resources */ = {isa = PBXBuildFile; fileRef = FFAC22CB147CAE5800FA37B8 /* unselected-calendar-icon@2x.png */; };
		FFAC22FD147CAE5800FA37B8 /* unselected-clothes-icon.png in Resources */ = {isa = PBXBuildFile; fileRef = FFAC22CC147CAE5800FA37B8 /* unselected-clothes-icon.png */; };
		FFAC22FE147CAE5800FA37B8 /* unselected-clothes-icon@2x.png in Resources */ = {isa = PBXBuildFile; fileRef = FFAC22CD147CAE5800FA37B8 /* unselected-clothes-icon@2x.png */; };
		FFAC22FF147CAE5800FA37B8 /* unselected-home-icon.png in Resources */ = {isa = PBXBuildFile; fileRef = FFAC22CE147CAE5800FA37B8 /* unselected-home-icon.png */; };
		FFAC2300147CAE5800FA37B8 /* unselected-home-icon@2x.png in Resources */ = {isa = PBXBuildFile; fileRef = FFAC22CF147CAE5800FA37B8 /* unselected-home-icon@2x.png */; };
		FFAC2301147CAE5800FA37B8 /* unselected-map-icon.png in Resources */ = {isa = PBXBuildFile; fileRef = FFAC22D0147CAE5800FA37B8 /* unselected-map-icon.png */; };
		FFAC2302147CAE5800FA37B8 /* unselected-map-icon@2x.png in Resources */ = {isa = PBXBuildFile; fileRef = FFAC22D1147CAE5800FA37B8 /* unselected-map-icon@2x.png */; };
		FFAC2303147CAE5800FA37B8 /* background-view-image.png in Resources */ = {isa = PBXBuildFile; fileRef = FFAC22D3147CAE5800FA37B8 /* background-view-image.png */; };
		FFAC2304147CAE5800FA37B8 /* background-view-image@2x.png in Resources */ = {isa = PBXBuildFile; fileRef = FFAC22D4147CAE5800FA37B8 /* background-view-image@2x.png */; };
		FFAC2305147CAE5800FA37B8 /* cell-image-1.png in Resources */ = {isa = PBXBuildFile; fileRef = FFAC22D5147CAE5800FA37B8 /* cell-image-1.png */; };
		FFAC2306147CAE5800FA37B8 /* cell-image-2.png in Resources */ = {isa = PBXBuildFile; fileRef = FFAC22D6147CAE5800FA37B8 /* cell-image-2.png */; };
		FFAC2307147CAE5800FA37B8 /* cell-image-3.png in Resources */ = {isa = PBXBuildFile; fileRef = FFAC22D7147CAE5800FA37B8 /* cell-image-3.png */; };
/* End PBXBuildFile section */

/* Begin PBXFileReference section */
		620AF89E147CD32700D2DA04 /* selected-cell-background.png */ = {isa = PBXFileReference; lastKnownFileType = image.png; path = "selected-cell-background.png"; sourceTree = "<group>"; };
		620AF89F147CD32700D2DA04 /* selected-cell-background@2x.png */ = {isa = PBXFileReference; lastKnownFileType = image.png; path = "selected-cell-background@2x.png"; sourceTree = "<group>"; };
		620AF8A2147CDA9C00D2DA04 /* RDKCalendarViewController.m */ = {isa = PBXFileReference; fileEncoding = 4; lastKnownFileType = sourcecode.c.objc; path = RDKCalendarViewController.m; sourceTree = "<group>"; };
		620AF8A4147CDB6B00D2DA04 /* RDKMapViewController.m */ = {isa = PBXFileReference; fileEncoding = 4; lastKnownFileType = sourcecode.c.objc; path = RDKMapViewController.m; sourceTree = "<group>"; };
		620AF8A6147CDCA500D2DA04 /* RDKCustomScrollView.h */ = {isa = PBXFileReference; fileEncoding = 4; lastKnownFileType = sourcecode.c.h; path = RDKCustomScrollView.h; sourceTree = "<group>"; };
		620AF8A7147CEE4A00D2DA04 /* pagecontrol-active.png */ = {isa = PBXFileReference; lastKnownFileType = image.png; path = "pagecontrol-active.png"; sourceTree = "<group>"; };
		620C29D314835C3E006141F7 /* RDKCustomNavigationController.h */ = {isa = PBXFileReference; fileEncoding = 4; lastKnownFileType = sourcecode.c.h; name = RDKCustomNavigationController.h; path = robe/Source/Controllers/RDKCustomNavigationController.h; sourceTree = SOURCE_ROOT; };
		620C29D414835C3E006141F7 /* RDKCustomNavigationController.m */ = {isa = PBXFileReference; fileEncoding = 4; lastKnownFileType = sourcecode.c.objc; name = RDKCustomNavigationController.m; path = robe/Source/Controllers/RDKCustomNavigationController.m; sourceTree = SOURCE_ROOT; };
		620C29D7148394C2006141F7 /* RDKCustomTabBarController.h */ = {isa = PBXFileReference; fileEncoding = 4; lastKnownFileType = sourcecode.c.h; path = RDKCustomTabBarController.h; sourceTree = "<group>"; };
		620C29D8148394C2006141F7 /* RDKCustomTabBarController.m */ = {isa = PBXFileReference; fileEncoding = 4; lastKnownFileType = sourcecode.c.objc; path = RDKCustomTabBarController.m; sourceTree = "<group>"; };
		620FF1BF147E353E002D31DB /* clothes-bag-image.png */ = {isa = PBXFileReference; lastKnownFileType = image.png; path = "clothes-bag-image.png"; sourceTree = "<group>"; };
		620FF1C0147E353E002D31DB /* clothes-clothes-image.png */ = {isa = PBXFileReference; lastKnownFileType = image.png; path = "clothes-clothes-image.png"; sourceTree = "<group>"; };
		620FF1C1147E353E002D31DB /* clothes-selected-cell-background-image.png */ = {isa = PBXFileReference; lastKnownFileType = image.png; path = "clothes-selected-cell-background-image.png"; sourceTree = "<group>"; };
		620FF1C2147E353E002D31DB /* clothes-selected-cell-background-image@2x.png */ = {isa = PBXFileReference; lastKnownFileType = image.png; path = "clothes-selected-cell-background-image@2x.png"; sourceTree = "<group>"; };
		620FF1C3147E353E002D31DB /* clothes-shoe-image.png */ = {isa = PBXFileReference; lastKnownFileType = image.png; path = "clothes-shoe-image.png"; sourceTree = "<group>"; };
		620FF1C4147E353E002D31DB /* clothes-trousers-image.png */ = {isa = PBXFileReference; lastKnownFileType = image.png; path = "clothes-trousers-image.png"; sourceTree = "<group>"; };
		620FF1CB147E4225002D31DB /* RDKClothesTableViewCell.h */ = {isa = PBXFileReference; fileEncoding = 4; lastKnownFileType = sourcecode.c.h; path = RDKClothesTableViewCell.h; sourceTree = "<group>"; };
		620FF1CC147E4225002D31DB /* RDKClothesTableViewCell.m */ = {isa = PBXFileReference; fileEncoding = 4; lastKnownFileType = sourcecode.c.objc; path = RDKClothesTableViewCell.m; sourceTree = "<group>"; };
		62100B6E147F4747003453B0 /* clothes-bag-image@2x.png */ = {isa = PBXFileReference; lastKnownFileType = image.png; path = "clothes-bag-image@2x.png"; sourceTree = "<group>"; };
		62100B6F147F4747003453B0 /* clothes-clothes-image@2x.png */ = {isa = PBXFileReference; lastKnownFileType = image.png; path = "clothes-clothes-image@2x.png"; sourceTree = "<group>"; };
		62100B70147F4747003453B0 /* clothes-shoe-image@2x.png */ = {isa = PBXFileReference; lastKnownFileType = image.png; path = "clothes-shoe-image@2x.png"; sourceTree = "<group>"; };
		62100B71147F4747003453B0 /* clothes-trousers-image@2x.png */ = {isa = PBXFileReference; lastKnownFileType = image.png; path = "clothes-trousers-image@2x.png"; sourceTree = "<group>"; };
		62100B86147F74E8003453B0 /* clothes-bag-cover-image.png */ = {isa = PBXFileReference; lastKnownFileType = image.png; path = "clothes-bag-cover-image.png"; sourceTree = "<group>"; };
		62100B87147F74E8003453B0 /* clothes-bag-cover-image@2x.png */ = {isa = PBXFileReference; lastKnownFileType = image.png; path = "clothes-bag-cover-image@2x.png"; sourceTree = "<group>"; };
		62100B88147F74E8003453B0 /* clothes-clothes-cover-image.png */ = {isa = PBXFileReference; lastKnownFileType = image.png; path = "clothes-clothes-cover-image.png"; sourceTree = "<group>"; };
		62100B89147F74E9003453B0 /* clothes-clothes-cover-image@2x.png */ = {isa = PBXFileReference; lastKnownFileType = image.png; path = "clothes-clothes-cover-image@2x.png"; sourceTree = "<group>"; };
		62100B8A147F74E9003453B0 /* clothes-shoe-cover-image.png */ = {isa = PBXFileReference; lastKnownFileType = image.png; path = "clothes-shoe-cover-image.png"; sourceTree = "<group>"; };
		62100B8B147F74E9003453B0 /* clothes-shoe-cover-image@2x.png */ = {isa = PBXFileReference; lastKnownFileType = image.png; path = "clothes-shoe-cover-image@2x.png"; sourceTree = "<group>"; };
		62100B8C147F74EA003453B0 /* clothes-trousers-cover-image.png */ = {isa = PBXFileReference; lastKnownFileType = image.png; path = "clothes-trousers-cover-image.png"; sourceTree = "<group>"; };
		62100B8D147F74EB003453B0 /* clothes-trousers-cover-image@2x.png */ = {isa = PBXFileReference; lastKnownFileType = image.png; path = "clothes-trousers-cover-image@2x.png"; sourceTree = "<group>"; };
		62100BF0147F9FD5003453B0 /* gridview-cell-background-image.png */ = {isa = PBXFileReference; lastKnownFileType = image.png; path = "gridview-cell-background-image.png"; sourceTree = "<group>"; };
		62100BF1147F9FD7003453B0 /* gridview-cell-background-image@2x.png */ = {isa = PBXFileReference; lastKnownFileType = image.png; path = "gridview-cell-background-image@2x.png"; sourceTree = "<group>"; };
		62100BF4147FA22A003453B0 /* clothes-gridview-cell-image-1.png */ = {isa = PBXFileReference; lastKnownFileType = image.png; path = "clothes-gridview-cell-image-1.png"; sourceTree = "<group>"; };
		62100BF5147FA22B003453B0 /* clothes-gridview-cell-image-1@2x.png */ = {isa = PBXFileReference; lastKnownFileType = image.png; path = "clothes-gridview-cell-image-1@2x.png"; sourceTree = "<group>"; };
		62100BF6147FA22C003453B0 /* clothes-gridview-cell-image-2.png */ = {isa = PBXFileReference; lastKnownFileType = image.png; path = "clothes-gridview-cell-image-2.png"; sourceTree = "<group>"; };
		62100BF7147FA22D003453B0 /* clothes-gridview-cell-image-2@2x.png */ = {isa = PBXFileReference; lastKnownFileType = image.png; path = "clothes-gridview-cell-image-2@2x.png"; sourceTree = "<group>"; };
		62100BF8147FA22E003453B0 /* clothes-gridview-cell-image-3.png */ = {isa = PBXFileReference; lastKnownFileType = image.png; path = "clothes-gridview-cell-image-3.png"; sourceTree = "<group>"; };
		62100BF9147FA22F003453B0 /* clothes-gridview-cell-image-3@2x.png */ = {isa = PBXFileReference; lastKnownFileType = image.png; path = "clothes-gridview-cell-image-3@2x.png"; sourceTree = "<group>"; };
		621EBE9C14822B1000F649BC /* RDKClothesGridViewController.h */ = {isa = PBXFileReference; fileEncoding = 4; lastKnownFileType = sourcecode.c.h; path = RDKClothesGridViewController.h; sourceTree = "<group>"; };
		621EBE9D14822B1000F649BC /* RDKClothesGridViewController.m */ = {isa = PBXFileReference; fileEncoding = 4; lastKnownFileType = sourcecode.c.objc; path = RDKClothesGridViewController.m; sourceTree = "<group>"; };
		621EBE9E14822B1000F649BC /* RDKClothesGridViewController.xib */ = {isa = PBXFileReference; fileEncoding = 4; lastKnownFileType = file.xib; path = RDKClothesGridViewController.xib; sourceTree = "<group>"; };
		621EBEA61482301600F649BC /* RDKClothesItemTableViewCell.h */ = {isa = PBXFileReference; fileEncoding = 4; lastKnownFileType = sourcecode.c.h; path = RDKClothesItemTableViewCell.h; sourceTree = "<group>"; };
		621EBEA71482301600F649BC /* RDKClothesItemTableViewCell.m */ = {isa = PBXFileReference; fileEncoding = 4; lastKnownFileType = sourcecode.c.objc; path = RDKClothesItemTableViewCell.m; sourceTree = "<group>"; };
		62304595148DEFCD00759597 /* map-cell-image-1.png */ = {isa = PBXFileReference; lastKnownFileType = image.png; path = "map-cell-image-1.png"; sourceTree = "<group>"; };
		62304596148DEFCD00759597 /* map-cell-image-1@2x.png */ = {isa = PBXFileReference; lastKnownFileType = image.png; path = "map-cell-image-1@2x.png"; sourceTree = "<group>"; };
		62304597148DEFCD00759597 /* map-cell-image-2.png */ = {isa = PBXFileReference; lastKnownFileType = image.png; path = "map-cell-image-2.png"; sourceTree = "<group>"; };
		62304598148DEFCD00759597 /* map-cell-image-2@2x.png */ = {isa = PBXFileReference; lastKnownFileType = image.png; path = "map-cell-image-2@2x.png"; sourceTree = "<group>"; };
		6230459E148DF10500759597 /* RDKMapTableViewCell.h */ = {isa = PBXFileReference; fileEncoding = 4; lastKnownFileType = sourcecode.c.h; path = RDKMapTableViewCell.h; sourceTree = "<group>"; };
		6230459F148DF10500759597 /* RDKMapTableViewCell.m */ = {isa = PBXFileReference; fileEncoding = 4; lastKnownFileType = sourcecode.c.objc; path = RDKMapTableViewCell.m; sourceTree = "<group>"; };
		623045A1148DFA0F00759597 /* RDKSubMapViewController.h */ = {isa = PBXFileReference; fileEncoding = 4; lastKnownFileType = sourcecode.c.h; path = RDKSubMapViewController.h; sourceTree = "<group>"; };
		623045A2148DFA0F00759597 /* RDKSubMapViewController.m */ = {isa = PBXFileReference; fileEncoding = 4; lastKnownFileType = sourcecode.c.objc; path = RDKSubMapViewController.m; sourceTree = "<group>"; };
		623045A3148DFA0F00759597 /* RDKSubMapViewController.xib */ = {isa = PBXFileReference; fileEncoding = 4; lastKnownFileType = file.xib; path = RDKSubMapViewController.xib; sourceTree = "<group>"; };
		623045A6148DFE1500759597 /* MapKit.framework */ = {isa = PBXFileReference; lastKnownFileType = wrapper.framework; name = MapKit.framework; path = System/Library/Frameworks/MapKit.framework; sourceTree = SDKROOT; };
		623045A8148E051A00759597 /* RDKCustomAnnotation.h */ = {isa = PBXFileReference; fileEncoding = 4; lastKnownFileType = sourcecode.c.h; path = RDKCustomAnnotation.h; sourceTree = "<group>"; };
		623045A9148E051A00759597 /* RDKCustomAnnotation.m */ = {isa = PBXFileReference; fileEncoding = 4; lastKnownFileType = sourcecode.c.objc; path = RDKCustomAnnotation.m; sourceTree = "<group>"; };
		6269F5ED147B8B3D008AFE51 /* AppDelegate.h */ = {isa = PBXFileReference; fileEncoding = 4; lastKnownFileType = sourcecode.c.h; path = AppDelegate.h; sourceTree = "<group>"; };
		6269F5EE147B8B3D008AFE51 /* AppDelegate.m */ = {isa = PBXFileReference; fileEncoding = 4; lastKnownFileType = sourcecode.c.objc; path = AppDelegate.m; sourceTree = "<group>"; };
		6269F5F1147B8B3D008AFE51 /* RDKBagViewController.h */ = {isa = PBXFileReference; fileEncoding = 4; lastKnownFileType = sourcecode.c.h; path = RDKBagViewController.h; sourceTree = "<group>"; };
		6269F5F2147B8B3D008AFE51 /* RDKBagViewController.m */ = {isa = PBXFileReference; fileEncoding = 4; lastKnownFileType = sourcecode.c.objc; path = RDKBagViewController.m; sourceTree = "<group>"; };
		6269F5F3147B8B3D008AFE51 /* RDKBagViewController.xib */ = {isa = PBXFileReference; fileEncoding = 4; lastKnownFileType = file.xib; path = RDKBagViewController.xib; sourceTree = "<group>"; };
		6269F5F4147B8B3D008AFE51 /* RDKCalendarViewController.h */ = {isa = PBXFileReference; fileEncoding = 4; lastKnownFileType = sourcecode.c.h; path = RDKCalendarViewController.h; sourceTree = "<group>"; };
		6269F5F6147B8B3D008AFE51 /* RDKCalendarViewController.xib */ = {isa = PBXFileReference; fileEncoding = 4; lastKnownFileType = file.xib; path = RDKCalendarViewController.xib; sourceTree = "<group>"; };
		6269F5F7147B8B3D008AFE51 /* RDKClothesViewController.h */ = {isa = PBXFileReference; fileEncoding = 4; lastKnownFileType = sourcecode.c.h; path = RDKClothesViewController.h; sourceTree = "<group>"; };
		6269F5F8147B8B3D008AFE51 /* RDKClothesViewController.m */ = {isa = PBXFileReference; fileEncoding = 4; lastKnownFileType = sourcecode.c.objc; path = RDKClothesViewController.m; sourceTree = "<group>"; };
		6269F5F9147B8B3D008AFE51 /* RDKClothesViewController.xib */ = {isa = PBXFileReference; fileEncoding = 4; lastKnownFileType = file.xib; path = RDKClothesViewController.xib; sourceTree = "<group>"; };
		6269F5FA147B8B3D008AFE51 /* RDKHomeViewController.h */ = {isa = PBXFileReference; fileEncoding = 4; lastKnownFileType = sourcecode.c.h; path = RDKHomeViewController.h; sourceTree = "<group>"; };
		6269F5FB147B8B3D008AFE51 /* RDKHomeViewController.m */ = {isa = PBXFileReference; fileEncoding = 4; lastKnownFileType = sourcecode.c.objc; path = RDKHomeViewController.m; sourceTree = "<group>"; };
		6269F5FC147B8B3D008AFE51 /* RDKHomeViewController.xib */ = {isa = PBXFileReference; fileEncoding = 4; lastKnownFileType = file.xib; path = RDKHomeViewController.xib; sourceTree = "<group>"; };
		6269F5FD147B8B3D008AFE51 /* RDKImageController.h */ = {isa = PBXFileReference; fileEncoding = 4; lastKnownFileType = sourcecode.c.h; path = RDKImageController.h; sourceTree = "<group>"; };
		6269F5FE147B8B3D008AFE51 /* RDKImageController.m */ = {isa = PBXFileReference; fileEncoding = 4; lastKnownFileType = sourcecode.c.objc; path = RDKImageController.m; sourceTree = "<group>"; };
		6269F5FF147B8B3D008AFE51 /* RDKMapViewController.h */ = {isa = PBXFileReference; fileEncoding = 4; lastKnownFileType = sourcecode.c.h; path = RDKMapViewController.h; sourceTree = "<group>"; };
		6269F601147B8B3D008AFE51 /* RDKMapViewController.xib */ = {isa = PBXFileReference; fileEncoding = 4; lastKnownFileType = file.xib; path = RDKMapViewController.xib; sourceTree = "<group>"; };
		6269F602147B8B3D008AFE51 /* RDKStyledPageControl.h */ = {isa = PBXFileReference; fileEncoding = 4; lastKnownFileType = sourcecode.c.h; path = RDKStyledPageControl.h; sourceTree = "<group>"; };
		6269F603147B8B3D008AFE51 /* RDKStyledPageControl.m */ = {isa = PBXFileReference; fileEncoding = 4; lastKnownFileType = sourcecode.c.objc; path = RDKStyledPageControl.m; sourceTree = "<group>"; };
		6269F605147B8B3D008AFE51 /* RDKCustomTabBarItem.h */ = {isa = PBXFileReference; fileEncoding = 4; lastKnownFileType = sourcecode.c.h; path = RDKCustomTabBarItem.h; sourceTree = "<group>"; };
		6269F606147B8B3D008AFE51 /* RDKCustomTabBarItem.m */ = {isa = PBXFileReference; fileEncoding = 4; lastKnownFileType = sourcecode.c.objc; path = RDKCustomTabBarItem.m; sourceTree = "<group>"; };
		6269F607147B8B3D008AFE51 /* RDKCustomImage.h */ = {isa = PBXFileReference; fileEncoding = 4; lastKnownFileType = sourcecode.c.h; path = RDKCustomImage.h; sourceTree = "<group>"; };
		6269F608147B8B3D008AFE51 /* RDKCustomImage.m */ = {isa = PBXFileReference; fileEncoding = 4; lastKnownFileType = sourcecode.c.objc; path = RDKCustomImage.m; sourceTree = "<group>"; };
		6269F60C147B8B3D008AFE51 /* RDKCustomScrollView.m */ = {isa = PBXFileReference; fileEncoding = 4; lastKnownFileType = sourcecode.c.objc; path = RDKCustomScrollView.m; sourceTree = "<group>"; };
		6269F60D147B8B3D008AFE51 /* RDKHomeTableViewCell.h */ = {isa = PBXFileReference; fileEncoding = 4; lastKnownFileType = sourcecode.c.h; path = RDKHomeTableViewCell.h; sourceTree = "<group>"; };
		6269F60E147B8B3D008AFE51 /* RDKHomeTableViewCell.m */ = {isa = PBXFileReference; fileEncoding = 4; lastKnownFileType = sourcecode.c.objc; path = RDKHomeTableViewCell.m; sourceTree = "<group>"; };
		6269F655147B8C51008AFE51 /* en */ = {isa = PBXFileReference; lastKnownFileType = text.plist.strings; name = en; path = InfoPlist.strings; sourceTree = "<group>"; };
		6269F656147B8C51008AFE51 /* main.m */ = {isa = PBXFileReference; fileEncoding = 4; lastKnownFileType = sourcecode.c.objc; path = main.m; sourceTree = "<group>"; };
		6269F657147B8C51008AFE51 /* robe-Info.plist */ = {isa = PBXFileReference; fileEncoding = 4; lastKnownFileType = text.plist.xml; path = "robe-Info.plist"; sourceTree = "<group>"; };
		6269F658147B8C51008AFE51 /* robe-Prefix.pch */ = {isa = PBXFileReference; fileEncoding = 4; lastKnownFileType = sourcecode.c.h; path = "robe-Prefix.pch"; sourceTree = "<group>"; };
		62C7101614750296003DF763 /* robe.app */ = {isa = PBXFileReference; explicitFileType = wrapper.application; includeInIndex = 0; path = robe.app; sourceTree = BUILT_PRODUCTS_DIR; };
		62C7101A14750296003DF763 /* UIKit.framework */ = {isa = PBXFileReference; lastKnownFileType = wrapper.framework; name = UIKit.framework; path = System/Library/Frameworks/UIKit.framework; sourceTree = SDKROOT; };
		62C7101C14750296003DF763 /* Foundation.framework */ = {isa = PBXFileReference; lastKnownFileType = wrapper.framework; name = Foundation.framework; path = System/Library/Frameworks/Foundation.framework; sourceTree = SDKROOT; };
		62C7101E14750296003DF763 /* CoreGraphics.framework */ = {isa = PBXFileReference; lastKnownFileType = wrapper.framework; name = CoreGraphics.framework; path = System/Library/Frameworks/CoreGraphics.framework; sourceTree = SDKROOT; };
		62ED312D148764EA0097B6B5 /* clothes-bag-background-image.png */ = {isa = PBXFileReference; lastKnownFileType = image.png; path = "clothes-bag-background-image.png"; sourceTree = "<group>"; };
		62ED312E148764EA0097B6B5 /* clothes-bag-background-image@2x.png */ = {isa = PBXFileReference; lastKnownFileType = image.png; path = "clothes-bag-background-image@2x.png"; sourceTree = "<group>"; };
		62ED312F148764EA0097B6B5 /* Clothes-bag-shadow-image.png */ = {isa = PBXFileReference; lastKnownFileType = image.png; path = "Clothes-bag-shadow-image.png"; sourceTree = "<group>"; };
		62ED3130148764EA0097B6B5 /* Clothes-bag-shadow-image@2x.png */ = {isa = PBXFileReference; lastKnownFileType = image.png; path = "Clothes-bag-shadow-image@2x.png"; sourceTree = "<group>"; };
		62ED3131148764EA0097B6B5 /* clothes-bottom-background-image.png */ = {isa = PBXFileReference; lastKnownFileType = image.png; path = "clothes-bottom-background-image.png"; sourceTree = "<group>"; };
		62ED3132148764EA0097B6B5 /* clothes-bottom-background-image@2x.png */ = {isa = PBXFileReference; lastKnownFileType = image.png; path = "clothes-bottom-background-image@2x.png"; sourceTree = "<group>"; };
		62ED3133148764EA0097B6B5 /* clothes-orange-bag-color.png */ = {isa = PBXFileReference; lastKnownFileType = image.png; path = "clothes-orange-bag-color.png"; sourceTree = "<group>"; };
		62ED3134148764EA0097B6B5 /* clothes-orange-bag-color@2x.png */ = {isa = PBXFileReference; lastKnownFileType = image.png; path = "clothes-orange-bag-color@2x.png"; sourceTree = "<group>"; };
		62ED3135148764EA0097B6B5 /* clothes-orange-bag-image.png */ = {isa = PBXFileReference; lastKnownFileType = image.png; path = "clothes-orange-bag-image.png"; sourceTree = "<group>"; };
		62ED3136148764EA0097B6B5 /* clothes-orange-bag-image@2x.png */ = {isa = PBXFileReference; lastKnownFileType = image.png; path = "clothes-orange-bag-image@2x.png"; sourceTree = "<group>"; };
		62ED3137148764EA0097B6B5 /* clothes-silver-bag-color.png */ = {isa = PBXFileReference; lastKnownFileType = image.png; path = "clothes-silver-bag-color.png"; sourceTree = "<group>"; };
		62ED3138148764EA0097B6B5 /* clothes-silver-bag-color@2x.png */ = {isa = PBXFileReference; lastKnownFileType = image.png; path = "clothes-silver-bag-color@2x.png"; sourceTree = "<group>"; };
		62ED3139148764EA0097B6B5 /* clothes-silver-bag-image.png */ = {isa = PBXFileReference; lastKnownFileType = image.png; path = "clothes-silver-bag-image.png"; sourceTree = "<group>"; };
		62ED313A148764EA0097B6B5 /* clothes-silver-bag-image@2x.png */ = {isa = PBXFileReference; lastKnownFileType = image.png; path = "clothes-silver-bag-image@2x.png"; sourceTree = "<group>"; };
		62ED313B148764EA0097B6B5 /* clothes-small-silver-bag-image.png */ = {isa = PBXFileReference; lastKnownFileType = image.png; path = "clothes-small-silver-bag-image.png"; sourceTree = "<group>"; };
		62ED313C148764EA0097B6B5 /* clothes-small-silver-bag-image@2x.png */ = {isa = PBXFileReference; lastKnownFileType = image.png; path = "clothes-small-silver-bag-image@2x.png"; sourceTree = "<group>"; };
		62ED314E148765870097B6B5 /* RDKClothesDetailViewController.h */ = {isa = PBXFileReference; fileEncoding = 4; lastKnownFileType = sourcecode.c.h; path = RDKClothesDetailViewController.h; sourceTree = "<group>"; };
		62ED314F148765870097B6B5 /* RDKClothesDetailViewController.m */ = {isa = PBXFileReference; fileEncoding = 4; lastKnownFileType = sourcecode.c.objc; path = RDKClothesDetailViewController.m; sourceTree = "<group>"; };
		62ED3150148765870097B6B5 /* RDKClothesDetailViewController.xib */ = {isa = PBXFileReference; fileEncoding = 4; lastKnownFileType = file.xib; path = RDKClothesDetailViewController.xib; sourceTree = "<group>"; };
		FFAC22A6147CAE5800FA37B8 /* calendar-image-1.jpg */ = {isa = PBXFileReference; lastKnownFileType = image.jpeg; path = "calendar-image-1.jpg"; sourceTree = "<group>"; };
		FFAC22A7147CAE5800FA37B8 /* calendar-image-2.jpg */ = {isa = PBXFileReference; lastKnownFileType = image.jpeg; path = "calendar-image-2.jpg"; sourceTree = "<group>"; };
		FFAC22A8147CAE5800FA37B8 /* calendar-image-3.jpg */ = {isa = PBXFileReference; lastKnownFileType = image.jpeg; path = "calendar-image-3.jpg"; sourceTree = "<group>"; };
		FFAC22AC147CAE5800FA37B8 /* bottombar-background.png */ = {isa = PBXFileReference; lastKnownFileType = image.png; path = "bottombar-background.png"; sourceTree = "<group>"; };
		FFAC22AD147CAE5800FA37B8 /* bottombar-background@2x.png */ = {isa = PBXFileReference; lastKnownFileType = image.png; path = "bottombar-background@2x.png"; sourceTree = "<group>"; };
		FFAC22B7147CAE5800FA37B8 /* pagecontrol-unactive.png */ = {isa = PBXFileReference; lastKnownFileType = image.png; path = "pagecontrol-unactive.png"; sourceTree = "<group>"; };
		FFAC22B8147CAE5800FA37B8 /* refresh-button.png */ = {isa = PBXFileReference; lastKnownFileType = image.png; path = "refresh-button.png"; sourceTree = "<group>"; };
		FFAC22B9147CAE5800FA37B8 /* refresh-button@2x.png */ = {isa = PBXFileReference; lastKnownFileType = image.png; path = "refresh-button@2x.png"; sourceTree = "<group>"; };
		FFAC22BA147CAE5800FA37B8 /* selected-bag-icon.png */ = {isa = PBXFileReference; lastKnownFileType = image.png; path = "selected-bag-icon.png"; sourceTree = "<group>"; };
		FFAC22BB147CAE5800FA37B8 /* selected-bag-icon@2x.png */ = {isa = PBXFileReference; lastKnownFileType = image.png; path = "selected-bag-icon@2x.png"; sourceTree = "<group>"; };
		FFAC22BC147CAE5800FA37B8 /* selected-calendar-icon.png */ = {isa = PBXFileReference; lastKnownFileType = image.png; path = "selected-calendar-icon.png"; sourceTree = "<group>"; };
		FFAC22BD147CAE5800FA37B8 /* selected-calendar-icon@2x.png */ = {isa = PBXFileReference; lastKnownFileType = image.png; path = "selected-calendar-icon@2x.png"; sourceTree = "<group>"; };
		FFAC22BE147CAE5800FA37B8 /* selected-clothes-icon.png */ = {isa = PBXFileReference; lastKnownFileType = image.png; path = "selected-clothes-icon.png"; sourceTree = "<group>"; };
		FFAC22BF147CAE5800FA37B8 /* selected-clothes-icon@2x.png */ = {isa = PBXFileReference; lastKnownFileType = image.png; path = "selected-clothes-icon@2x.png"; sourceTree = "<group>"; };
		FFAC22C0147CAE5800FA37B8 /* selected-home-icon.png */ = {isa = PBXFileReference; lastKnownFileType = image.png; path = "selected-home-icon.png"; sourceTree = "<group>"; };
		FFAC22C1147CAE5800FA37B8 /* selected-home-icon@2x.png */ = {isa = PBXFileReference; lastKnownFileType = image.png; path = "selected-home-icon@2x.png"; sourceTree = "<group>"; };
		FFAC22C2147CAE5800FA37B8 /* selected-map-icon.png */ = {isa = PBXFileReference; lastKnownFileType = image.png; path = "selected-map-icon.png"; sourceTree = "<group>"; };
		FFAC22C3147CAE5800FA37B8 /* selected-map-icon@2x.png */ = {isa = PBXFileReference; lastKnownFileType = image.png; path = "selected-map-icon@2x.png"; sourceTree = "<group>"; };
		FFAC22C4147CAE5800FA37B8 /* topbar-background-image.png */ = {isa = PBXFileReference; lastKnownFileType = image.png; path = "topbar-background-image.png"; sourceTree = "<group>"; };
		FFAC22C5147CAE5800FA37B8 /* topbar-background-image@2x.png */ = {isa = PBXFileReference; lastKnownFileType = image.png; path = "topbar-background-image@2x.png"; sourceTree = "<group>"; };
		FFAC22C8147CAE5800FA37B8 /* unselected-bag-icon.png */ = {isa = PBXFileReference; lastKnownFileType = image.png; path = "unselected-bag-icon.png"; sourceTree = "<group>"; };
		FFAC22C9147CAE5800FA37B8 /* unselected-bag-icon@2x.png */ = {isa = PBXFileReference; lastKnownFileType = image.png; path = "unselected-bag-icon@2x.png"; sourceTree = "<group>"; };
		FFAC22CA147CAE5800FA37B8 /* unselected-calendar-icon.png */ = {isa = PBXFileReference; lastKnownFileType = image.png; path = "unselected-calendar-icon.png"; sourceTree = "<group>"; };
		FFAC22CB147CAE5800FA37B8 /* unselected-calendar-icon@2x.png */ = {isa = PBXFileReference; lastKnownFileType = image.png; path = "unselected-calendar-icon@2x.png"; sourceTree = "<group>"; };
		FFAC22CC147CAE5800FA37B8 /* unselected-clothes-icon.png */ = {isa = PBXFileReference; lastKnownFileType = image.png; path = "unselected-clothes-icon.png"; sourceTree = "<group>"; };
		FFAC22CD147CAE5800FA37B8 /* unselected-clothes-icon@2x.png */ = {isa = PBXFileReference; lastKnownFileType = image.png; path = "unselected-clothes-icon@2x.png"; sourceTree = "<group>"; };
		FFAC22CE147CAE5800FA37B8 /* unselected-home-icon.png */ = {isa = PBXFileReference; lastKnownFileType = image.png; path = "unselected-home-icon.png"; sourceTree = "<group>"; };
		FFAC22CF147CAE5800FA37B8 /* unselected-home-icon@2x.png */ = {isa = PBXFileReference; lastKnownFileType = image.png; path = "unselected-home-icon@2x.png"; sourceTree = "<group>"; };
		FFAC22D0147CAE5800FA37B8 /* unselected-map-icon.png */ = {isa = PBXFileReference; lastKnownFileType = image.png; path = "unselected-map-icon.png"; sourceTree = "<group>"; };
		FFAC22D1147CAE5800FA37B8 /* unselected-map-icon@2x.png */ = {isa = PBXFileReference; lastKnownFileType = image.png; path = "unselected-map-icon@2x.png"; sourceTree = "<group>"; };
		FFAC22D3147CAE5800FA37B8 /* background-view-image.png */ = {isa = PBXFileReference; lastKnownFileType = image.png; path = "background-view-image.png"; sourceTree = "<group>"; };
		FFAC22D4147CAE5800FA37B8 /* background-view-image@2x.png */ = {isa = PBXFileReference; lastKnownFileType = image.png; path = "background-view-image@2x.png"; sourceTree = "<group>"; };
		FFAC22D5147CAE5800FA37B8 /* cell-image-1.png */ = {isa = PBXFileReference; lastKnownFileType = image.png; path = "cell-image-1.png"; sourceTree = "<group>"; };
		FFAC22D6147CAE5800FA37B8 /* cell-image-2.png */ = {isa = PBXFileReference; lastKnownFileType = image.png; path = "cell-image-2.png"; sourceTree = "<group>"; };
		FFAC22D7147CAE5800FA37B8 /* cell-image-3.png */ = {isa = PBXFileReference; lastKnownFileType = image.png; path = "cell-image-3.png"; sourceTree = "<group>"; };
/* End PBXFileReference section */

/* Begin PBXFrameworksBuildPhase section */
		62C7101314750296003DF763 /* Frameworks */ = {
			isa = PBXFrameworksBuildPhase;
			buildActionMask = 2147483647;
			files = (
				623045A7148DFE1500759597 /* MapKit.framework in Frameworks */,
				62C7101B14750296003DF763 /* UIKit.framework in Frameworks */,
				62C7101D14750296003DF763 /* Foundation.framework in Frameworks */,
				62C7101F14750296003DF763 /* CoreGraphics.framework in Frameworks */,
			);
			runOnlyForDeploymentPostprocessing = 0;
		};
/* End PBXFrameworksBuildPhase section */

/* Begin PBXGroup section */
		620FF1BD147E306A002D31DB /* Clothes */ = {
			isa = PBXGroup;
			children = (
				62ED312D148764EA0097B6B5 /* clothes-bag-background-image.png */,
				62ED312E148764EA0097B6B5 /* clothes-bag-background-image@2x.png */,
				62ED312F148764EA0097B6B5 /* Clothes-bag-shadow-image.png */,
				62ED3130148764EA0097B6B5 /* Clothes-bag-shadow-image@2x.png */,
				62ED3131148764EA0097B6B5 /* clothes-bottom-background-image.png */,
				62ED3132148764EA0097B6B5 /* clothes-bottom-background-image@2x.png */,
				62ED3133148764EA0097B6B5 /* clothes-orange-bag-color.png */,
				62ED3134148764EA0097B6B5 /* clothes-orange-bag-color@2x.png */,
				62ED3135148764EA0097B6B5 /* clothes-orange-bag-image.png */,
				62ED3136148764EA0097B6B5 /* clothes-orange-bag-image@2x.png */,
				62ED3137148764EA0097B6B5 /* clothes-silver-bag-color.png */,
				62ED3138148764EA0097B6B5 /* clothes-silver-bag-color@2x.png */,
				62ED3139148764EA0097B6B5 /* clothes-silver-bag-image.png */,
				62ED313A148764EA0097B6B5 /* clothes-silver-bag-image@2x.png */,
				62ED313B148764EA0097B6B5 /* clothes-small-silver-bag-image.png */,
				62ED313C148764EA0097B6B5 /* clothes-small-silver-bag-image@2x.png */,
				62100BF4147FA22A003453B0 /* clothes-gridview-cell-image-1.png */,
				62100BF5147FA22B003453B0 /* clothes-gridview-cell-image-1@2x.png */,
				62100BF6147FA22C003453B0 /* clothes-gridview-cell-image-2.png */,
				62100BF7147FA22D003453B0 /* clothes-gridview-cell-image-2@2x.png */,
				62100BF8147FA22E003453B0 /* clothes-gridview-cell-image-3.png */,
				62100BF9147FA22F003453B0 /* clothes-gridview-cell-image-3@2x.png */,
				62100BF0147F9FD5003453B0 /* gridview-cell-background-image.png */,
				62100BF1147F9FD7003453B0 /* gridview-cell-background-image@2x.png */,
				62100B86147F74E8003453B0 /* clothes-bag-cover-image.png */,
				62100B87147F74E8003453B0 /* clothes-bag-cover-image@2x.png */,
				62100B88147F74E8003453B0 /* clothes-clothes-cover-image.png */,
				62100B89147F74E9003453B0 /* clothes-clothes-cover-image@2x.png */,
				62100B8A147F74E9003453B0 /* clothes-shoe-cover-image.png */,
				62100B8B147F74E9003453B0 /* clothes-shoe-cover-image@2x.png */,
				62100B8C147F74EA003453B0 /* clothes-trousers-cover-image.png */,
				62100B8D147F74EB003453B0 /* clothes-trousers-cover-image@2x.png */,
				62100B6E147F4747003453B0 /* clothes-bag-image@2x.png */,
				62100B6F147F4747003453B0 /* clothes-clothes-image@2x.png */,
				62100B70147F4747003453B0 /* clothes-shoe-image@2x.png */,
				62100B71147F4747003453B0 /* clothes-trousers-image@2x.png */,
				620FF1BF147E353E002D31DB /* clothes-bag-image.png */,
				620FF1C0147E353E002D31DB /* clothes-clothes-image.png */,
				620FF1C1147E353E002D31DB /* clothes-selected-cell-background-image.png */,
				620FF1C2147E353E002D31DB /* clothes-selected-cell-background-image@2x.png */,
				620FF1C3147E353E002D31DB /* clothes-shoe-image.png */,
				620FF1C4147E353E002D31DB /* clothes-trousers-image.png */,
			);
			path = Clothes;
			sourceTree = "<group>";
		};
		62304590148DECC100759597 /* Map */ = {
			isa = PBXGroup;
			children = (
				62304595148DEFCD00759597 /* map-cell-image-1.png */,
				62304596148DEFCD00759597 /* map-cell-image-1@2x.png */,
				62304597148DEFCD00759597 /* map-cell-image-2.png */,
				62304598148DEFCD00759597 /* map-cell-image-2@2x.png */,
			);
			path = Map;
			sourceTree = "<group>";
		};
		6269F5B3147B8B3D008AFE51 /* Assets */ = {
			isa = PBXGroup;
			children = (
				62304590148DECC100759597 /* Map */,
				620FF1BD147E306A002D31DB /* Clothes */,
				FFAC22A5147CAE5800FA37B8 /* Calendar */,
				FFAC22A9147CAE5800FA37B8 /* Global */,
				FFAC22D2147CAE5800FA37B8 /* Home */,
			);
			path = Assets;
			sourceTree = "<group>";
		};
		6269F5E5147B8B3D008AFE51 /* Resources */ = {
			isa = PBXGroup;
			children = (
			);
			path = Resources;
			sourceTree = "<group>";
		};
		6269F5EB147B8B3D008AFE51 /* Source */ = {
			isa = PBXGroup;
			children = (
				6269F5EC147B8B3D008AFE51 /* AppDelegate */,
				6269F5EF147B8B3D008AFE51 /* Categories */,
				6269F5F0147B8B3D008AFE51 /* Controllers */,
				6269F604147B8B3D008AFE51 /* External */,
				6269F609147B8B3D008AFE51 /* Models */,
				6269F60A147B8B3D008AFE51 /* Views */,
			);
			path = Source;
			sourceTree = "<group>";
		};
		6269F5EC147B8B3D008AFE51 /* AppDelegate */ = {
			isa = PBXGroup;
			children = (
				6269F5ED147B8B3D008AFE51 /* AppDelegate.h */,
				6269F5EE147B8B3D008AFE51 /* AppDelegate.m */,
			);
			path = AppDelegate;
			sourceTree = "<group>";
		};
		6269F5EF147B8B3D008AFE51 /* Categories */ = {
			isa = PBXGroup;
			children = (
			);
			path = Categories;
			sourceTree = "<group>";
		};
		6269F5F0147B8B3D008AFE51 /* Controllers */ = {
			isa = PBXGroup;
			children = (
				6269F5FA147B8B3D008AFE51 /* RDKHomeViewController.h */,
				6269F5FB147B8B3D008AFE51 /* RDKHomeViewController.m */,
				6269F5FC147B8B3D008AFE51 /* RDKHomeViewController.xib */,
				6269F5F4147B8B3D008AFE51 /* RDKCalendarViewController.h */,
				620AF8A2147CDA9C00D2DA04 /* RDKCalendarViewController.m */,
				6269F5F6147B8B3D008AFE51 /* RDKCalendarViewController.xib */,
				6269F5F7147B8B3D008AFE51 /* RDKClothesViewController.h */,
				6269F5F8147B8B3D008AFE51 /* RDKClothesViewController.m */,
				6269F5F9147B8B3D008AFE51 /* RDKClothesViewController.xib */,
				6269F5F1147B8B3D008AFE51 /* RDKBagViewController.h */,
				6269F5F2147B8B3D008AFE51 /* RDKBagViewController.m */,
				6269F5F3147B8B3D008AFE51 /* RDKBagViewController.xib */,
				6269F5FF147B8B3D008AFE51 /* RDKMapViewController.h */,
				620AF8A4147CDB6B00D2DA04 /* RDKMapViewController.m */,
				6269F601147B8B3D008AFE51 /* RDKMapViewController.xib */,
				6269F5FD147B8B3D008AFE51 /* RDKImageController.h */,
				6269F5FE147B8B3D008AFE51 /* RDKImageController.m */,
				6269F602147B8B3D008AFE51 /* RDKStyledPageControl.h */,
				6269F603147B8B3D008AFE51 /* RDKStyledPageControl.m */,
				621EBE9C14822B1000F649BC /* RDKClothesGridViewController.h */,
				621EBE9D14822B1000F649BC /* RDKClothesGridViewController.m */,
				621EBE9E14822B1000F649BC /* RDKClothesGridViewController.xib */,
				620C29D314835C3E006141F7 /* RDKCustomNavigationController.h */,
				620C29D414835C3E006141F7 /* RDKCustomNavigationController.m */,
				620C29D7148394C2006141F7 /* RDKCustomTabBarController.h */,
				620C29D8148394C2006141F7 /* RDKCustomTabBarController.m */,
				62ED314E148765870097B6B5 /* RDKClothesDetailViewController.h */,
				62ED314F148765870097B6B5 /* RDKClothesDetailViewController.m */,
				62ED3150148765870097B6B5 /* RDKClothesDetailViewController.xib */,
				623045A1148DFA0F00759597 /* RDKSubMapViewController.h */,
				623045A2148DFA0F00759597 /* RDKSubMapViewController.m */,
				623045A3148DFA0F00759597 /* RDKSubMapViewController.xib */,
			);
			path = Controllers;
			sourceTree = "<group>";
		};
		6269F604147B8B3D008AFE51 /* External */ = {
			isa = PBXGroup;
			children = (
				6269F605147B8B3D008AFE51 /* RDKCustomTabBarItem.h */,
				6269F606147B8B3D008AFE51 /* RDKCustomTabBarItem.m */,
				6269F607147B8B3D008AFE51 /* RDKCustomImage.h */,
				6269F608147B8B3D008AFE51 /* RDKCustomImage.m */,
				623045A8148E051A00759597 /* RDKCustomAnnotation.h */,
				623045A9148E051A00759597 /* RDKCustomAnnotation.m */,
			);
			path = External;
			sourceTree = "<group>";
		};
		6269F609147B8B3D008AFE51 /* Models */ = {
			isa = PBXGroup;
			children = (
			);
			path = Models;
			sourceTree = "<group>";
		};
		6269F60A147B8B3D008AFE51 /* Views */ = {
			isa = PBXGroup;
			children = (
				620AF8A6147CDCA500D2DA04 /* RDKCustomScrollView.h */,
				6269F60C147B8B3D008AFE51 /* RDKCustomScrollView.m */,
				6269F60D147B8B3D008AFE51 /* RDKHomeTableViewCell.h */,
				6269F60E147B8B3D008AFE51 /* RDKHomeTableViewCell.m */,
				620FF1CB147E4225002D31DB /* RDKClothesTableViewCell.h */,
				620FF1CC147E4225002D31DB /* RDKClothesTableViewCell.m */,
				621EBEA61482301600F649BC /* RDKClothesItemTableViewCell.h */,
				621EBEA71482301600F649BC /* RDKClothesItemTableViewCell.m */,
				6230459E148DF10500759597 /* RDKMapTableViewCell.h */,
				6230459F148DF10500759597 /* RDKMapTableViewCell.m */,
			);
			path = Views;
			sourceTree = "<group>";
		};
		6269F653147B8C51008AFE51 /* en.lproj */ = {
			isa = PBXGroup;
			children = (
				6269F654147B8C51008AFE51 /* InfoPlist.strings */,
			);
			path = en.lproj;
			sourceTree = "<group>";
		};
		62C7100B14750296003DF763 = {
			isa = PBXGroup;
			children = (
				62C7102014750296003DF763 /* robe */,
				62C7101914750296003DF763 /* Frameworks */,
				62C7101714750296003DF763 /* Products */,
			);
			sourceTree = "<group>";
		};
		62C7101714750296003DF763 /* Products */ = {
			isa = PBXGroup;
			children = (
				62C7101614750296003DF763 /* robe.app */,
			);
			name = Products;
			sourceTree = "<group>";
		};
		62C7101914750296003DF763 /* Frameworks */ = {
			isa = PBXGroup;
			children = (
				623045A6148DFE1500759597 /* MapKit.framework */,
				62C7101A14750296003DF763 /* UIKit.framework */,
				62C7101C14750296003DF763 /* Foundation.framework */,
				62C7101E14750296003DF763 /* CoreGraphics.framework */,
			);
			name = Frameworks;
			sourceTree = "<group>";
		};
		62C7102014750296003DF763 /* robe */ = {
			isa = PBXGroup;
			children = (
				6269F5B3147B8B3D008AFE51 /* Assets */,
				6269F5E5147B8B3D008AFE51 /* Resources */,
				6269F5EB147B8B3D008AFE51 /* Source */,
				62C7102114750296003DF763 /* Supporting Files */,
			);
			path = robe;
			sourceTree = "<group>";
		};
		62C7102114750296003DF763 /* Supporting Files */ = {
			isa = PBXGroup;
			children = (
				6269F653147B8C51008AFE51 /* en.lproj */,
				6269F656147B8C51008AFE51 /* main.m */,
				6269F657147B8C51008AFE51 /* robe-Info.plist */,
				6269F658147B8C51008AFE51 /* robe-Prefix.pch */,
			);
			name = "Supporting Files";
			sourceTree = "<group>";
		};
		FFAC22A5147CAE5800FA37B8 /* Calendar */ = {
			isa = PBXGroup;
			children = (
				FFAC22A6147CAE5800FA37B8 /* calendar-image-1.jpg */,
				FFAC22A7147CAE5800FA37B8 /* calendar-image-2.jpg */,
				FFAC22A8147CAE5800FA37B8 /* calendar-image-3.jpg */,
			);
			path = Calendar;
			sourceTree = "<group>";
		};
		FFAC22A9147CAE5800FA37B8 /* Global */ = {
			isa = PBXGroup;
			children = (
				620AF8A7147CEE4A00D2DA04 /* pagecontrol-active.png */,
				FFAC22AC147CAE5800FA37B8 /* bottombar-background.png */,
				FFAC22AD147CAE5800FA37B8 /* bottombar-background@2x.png */,
				FFAC22B7147CAE5800FA37B8 /* pagecontrol-unactive.png */,
				FFAC22B8147CAE5800FA37B8 /* refresh-button.png */,
				FFAC22B9147CAE5800FA37B8 /* refresh-button@2x.png */,
				FFAC22BA147CAE5800FA37B8 /* selected-bag-icon.png */,
				FFAC22BB147CAE5800FA37B8 /* selected-bag-icon@2x.png */,
				FFAC22BC147CAE5800FA37B8 /* selected-calendar-icon.png */,
				FFAC22BD147CAE5800FA37B8 /* selected-calendar-icon@2x.png */,
				FFAC22BE147CAE5800FA37B8 /* selected-clothes-icon.png */,
				FFAC22BF147CAE5800FA37B8 /* selected-clothes-icon@2x.png */,
				FFAC22C0147CAE5800FA37B8 /* selected-home-icon.png */,
				FFAC22C1147CAE5800FA37B8 /* selected-home-icon@2x.png */,
				FFAC22C2147CAE5800FA37B8 /* selected-map-icon.png */,
				FFAC22C3147CAE5800FA37B8 /* selected-map-icon@2x.png */,
				FFAC22C4147CAE5800FA37B8 /* topbar-background-image.png */,
				FFAC22C5147CAE5800FA37B8 /* topbar-background-image@2x.png */,
				FFAC22C8147CAE5800FA37B8 /* unselected-bag-icon.png */,
				FFAC22C9147CAE5800FA37B8 /* unselected-bag-icon@2x.png */,
				FFAC22CA147CAE5800FA37B8 /* unselected-calendar-icon.png */,
				FFAC22CB147CAE5800FA37B8 /* unselected-calendar-icon@2x.png */,
				FFAC22CC147CAE5800FA37B8 /* unselected-clothes-icon.png */,
				FFAC22CD147CAE5800FA37B8 /* unselected-clothes-icon@2x.png */,
				FFAC22CE147CAE5800FA37B8 /* unselected-home-icon.png */,
				FFAC22CF147CAE5800FA37B8 /* unselected-home-icon@2x.png */,
				FFAC22D0147CAE5800FA37B8 /* unselected-map-icon.png */,
				FFAC22D1147CAE5800FA37B8 /* unselected-map-icon@2x.png */,
			);
			path = Global;
			sourceTree = "<group>";
		};
		FFAC22D2147CAE5800FA37B8 /* Home */ = {
			isa = PBXGroup;
			children = (
				620AF89E147CD32700D2DA04 /* selected-cell-background.png */,
				620AF89F147CD32700D2DA04 /* selected-cell-background@2x.png */,
				FFAC22D3147CAE5800FA37B8 /* background-view-image.png */,
				FFAC22D4147CAE5800FA37B8 /* background-view-image@2x.png */,
				FFAC22D5147CAE5800FA37B8 /* cell-image-1.png */,
				FFAC22D6147CAE5800FA37B8 /* cell-image-2.png */,
				FFAC22D7147CAE5800FA37B8 /* cell-image-3.png */,
			);
			path = Home;
			sourceTree = "<group>";
		};
/* End PBXGroup section */

/* Begin PBXNativeTarget section */
		62C7101514750296003DF763 /* robe */ = {
			isa = PBXNativeTarget;
			buildConfigurationList = 62C7104214750296003DF763 /* Build configuration list for PBXNativeTarget "robe" */;
			buildPhases = (
				62C7101214750296003DF763 /* Sources */,
				62C7101314750296003DF763 /* Frameworks */,
				62C7101414750296003DF763 /* Resources */,
			);
			buildRules = (
			);
			dependencies = (
			);
			name = robe;
			productName = robe;
			productReference = 62C7101614750296003DF763 /* robe.app */;
			productType = "com.apple.product-type.application";
		};
/* End PBXNativeTarget section */

/* Begin PBXProject section */
		62C7100D14750296003DF763 /* Project object */ = {
			isa = PBXProject;
			attributes = {
				LastUpgradeCheck = 0420;
				ORGANIZATIONNAME = "Natural of Sience University";
			};
			buildConfigurationList = 62C7101014750296003DF763 /* Build configuration list for PBXProject "robe" */;
			compatibilityVersion = "Xcode 3.2";
			developmentRegion = English;
			hasScannedForEncodings = 0;
			knownRegions = (
				en,
			);
			mainGroup = 62C7100B14750296003DF763;
			productRefGroup = 62C7101714750296003DF763 /* Products */;
			projectDirPath = "";
			projectRoot = "";
			targets = (
				62C7101514750296003DF763 /* robe */,
			);
		};
/* End PBXProject section */

/* Begin PBXResourcesBuildPhase section */
		62C7101414750296003DF763 /* Resources */ = {
			isa = PBXResourcesBuildPhase;
			buildActionMask = 2147483647;
			files = (
				6269F644147B8B3D008AFE51 /* RDKBagViewController.xib in Resources */,
				6269F646147B8B3D008AFE51 /* RDKCalendarViewController.xib in Resources */,
				6269F648147B8B3D008AFE51 /* RDKClothesViewController.xib in Resources */,
				6269F64A147B8B3D008AFE51 /* RDKHomeViewController.xib in Resources */,
				6269F64D147B8B3D008AFE51 /* RDKMapViewController.xib in Resources */,
				6269F659147B8C51008AFE51 /* InfoPlist.strings in Resources */,
				6269F65B147B8C51008AFE51 /* robe-Info.plist in Resources */,
				FFAC22D8147CAE5800FA37B8 /* calendar-image-1.jpg in Resources */,
				FFAC22D9147CAE5800FA37B8 /* calendar-image-2.jpg in Resources */,
				FFAC22DA147CAE5800FA37B8 /* calendar-image-3.jpg in Resources */,
				FFAC22DD147CAE5800FA37B8 /* bottombar-background.png in Resources */,
				FFAC22DE147CAE5800FA37B8 /* bottombar-background@2x.png in Resources */,
				FFAC22E8147CAE5800FA37B8 /* pagecontrol-unactive.png in Resources */,
				FFAC22E9147CAE5800FA37B8 /* refresh-button.png in Resources */,
				FFAC22EA147CAE5800FA37B8 /* refresh-button@2x.png in Resources */,
				FFAC22EB147CAE5800FA37B8 /* selected-bag-icon.png in Resources */,
				FFAC22EC147CAE5800FA37B8 /* selected-bag-icon@2x.png in Resources */,
				FFAC22ED147CAE5800FA37B8 /* selected-calendar-icon.png in Resources */,
				FFAC22EE147CAE5800FA37B8 /* selected-calendar-icon@2x.png in Resources */,
				FFAC22EF147CAE5800FA37B8 /* selected-clothes-icon.png in Resources */,
				FFAC22F0147CAE5800FA37B8 /* selected-clothes-icon@2x.png in Resources */,
				FFAC22F1147CAE5800FA37B8 /* selected-home-icon.png in Resources */,
				FFAC22F2147CAE5800FA37B8 /* selected-home-icon@2x.png in Resources */,
				FFAC22F3147CAE5800FA37B8 /* selected-map-icon.png in Resources */,
				FFAC22F4147CAE5800FA37B8 /* selected-map-icon@2x.png in Resources */,
				FFAC22F5147CAE5800FA37B8 /* topbar-background-image.png in Resources */,
				FFAC22F6147CAE5800FA37B8 /* topbar-background-image@2x.png in Resources */,
				FFAC22F9147CAE5800FA37B8 /* unselected-bag-icon.png in Resources */,
				FFAC22FA147CAE5800FA37B8 /* unselected-bag-icon@2x.png in Resources */,
				FFAC22FB147CAE5800FA37B8 /* unselected-calendar-icon.png in Resources */,
				FFAC22FC147CAE5800FA37B8 /* unselected-calendar-icon@2x.png in Resources */,
				FFAC22FD147CAE5800FA37B8 /* unselected-clothes-icon.png in Resources */,
				FFAC22FE147CAE5800FA37B8 /* unselected-clothes-icon@2x.png in Resources */,
				FFAC22FF147CAE5800FA37B8 /* unselected-home-icon.png in Resources */,
				FFAC2300147CAE5800FA37B8 /* unselected-home-icon@2x.png in Resources */,
				FFAC2301147CAE5800FA37B8 /* unselected-map-icon.png in Resources */,
				FFAC2302147CAE5800FA37B8 /* unselected-map-icon@2x.png in Resources */,
				FFAC2303147CAE5800FA37B8 /* background-view-image.png in Resources */,
				FFAC2304147CAE5800FA37B8 /* background-view-image@2x.png in Resources */,
				FFAC2305147CAE5800FA37B8 /* cell-image-1.png in Resources */,
				FFAC2306147CAE5800FA37B8 /* cell-image-2.png in Resources */,
				FFAC2307147CAE5800FA37B8 /* cell-image-3.png in Resources */,
				620AF8A0147CD32800D2DA04 /* selected-cell-background.png in Resources */,
				620AF8A1147CD32800D2DA04 /* selected-cell-background@2x.png in Resources */,
				620AF8A8147CEE4C00D2DA04 /* pagecontrol-active.png in Resources */,
				620FF1C5147E353E002D31DB /* clothes-bag-image.png in Resources */,
				620FF1C6147E353E002D31DB /* clothes-clothes-image.png in Resources */,
				620FF1C7147E353E002D31DB /* clothes-selected-cell-background-image.png in Resources */,
				620FF1C8147E353E002D31DB /* clothes-selected-cell-background-image@2x.png in Resources */,
				620FF1C9147E353E002D31DB /* clothes-shoe-image.png in Resources */,
				620FF1CA147E353E002D31DB /* clothes-trousers-image.png in Resources */,
				62100B72147F4747003453B0 /* clothes-bag-image@2x.png in Resources */,
				62100B73147F4747003453B0 /* clothes-clothes-image@2x.png in Resources */,
				62100B74147F4747003453B0 /* clothes-shoe-image@2x.png in Resources */,
				62100B75147F4747003453B0 /* clothes-trousers-image@2x.png in Resources */,
				62100B8E147F74EB003453B0 /* clothes-bag-cover-image.png in Resources */,
				62100B8F147F74EB003453B0 /* clothes-bag-cover-image@2x.png in Resources */,
				62100B90147F74EB003453B0 /* clothes-clothes-cover-image.png in Resources */,
				62100B91147F74EB003453B0 /* clothes-clothes-cover-image@2x.png in Resources */,
				62100B92147F74EB003453B0 /* clothes-shoe-cover-image.png in Resources */,
				62100B93147F74EB003453B0 /* clothes-shoe-cover-image@2x.png in Resources */,
				62100B94147F74EB003453B0 /* clothes-trousers-cover-image.png in Resources */,
				62100B95147F74EB003453B0 /* clothes-trousers-cover-image@2x.png in Resources */,
				62100BF2147F9FD8003453B0 /* gridview-cell-background-image.png in Resources */,
				62100BF3147F9FD8003453B0 /* gridview-cell-background-image@2x.png in Resources */,
				62100BFA147FA231003453B0 /* clothes-gridview-cell-image-1.png in Resources */,
				62100BFB147FA231003453B0 /* clothes-gridview-cell-image-1@2x.png in Resources */,
				62100BFC147FA231003453B0 /* clothes-gridview-cell-image-2.png in Resources */,
				62100BFD147FA231003453B0 /* clothes-gridview-cell-image-2@2x.png in Resources */,
				62100BFE147FA231003453B0 /* clothes-gridview-cell-image-3.png in Resources */,
				62100BFF147FA231003453B0 /* clothes-gridview-cell-image-3@2x.png in Resources */,
				621EBEA014822B1000F649BC /* RDKClothesGridViewController.xib in Resources */,
				62ED313D148764EA0097B6B5 /* clothes-bag-background-image.png in Resources */,
				62ED313E148764EA0097B6B5 /* clothes-bag-background-image@2x.png in Resources */,
				62ED313F148764EA0097B6B5 /* Clothes-bag-shadow-image.png in Resources */,
				62ED3140148764EA0097B6B5 /* Clothes-bag-shadow-image@2x.png in Resources */,
				62ED3141148764EA0097B6B5 /* clothes-bottom-background-image.png in Resources */,
				62ED3142148764EA0097B6B5 /* clothes-bottom-background-image@2x.png in Resources */,
				62ED3143148764EA0097B6B5 /* clothes-orange-bag-color.png in Resources */,
				62ED3144148764EA0097B6B5 /* clothes-orange-bag-color@2x.png in Resources */,
				62ED3145148764EA0097B6B5 /* clothes-orange-bag-image.png in Resources */,
				62ED3146148764EA0097B6B5 /* clothes-orange-bag-image@2x.png in Resources */,
				62ED3147148764EA0097B6B5 /* clothes-silver-bag-color.png in Resources */,
				62ED3148148764EA0097B6B5 /* clothes-silver-bag-color@2x.png in Resources */,
				62ED3149148764EA0097B6B5 /* clothes-silver-bag-image.png in Resources */,
				62ED314A148764EA0097B6B5 /* clothes-silver-bag-image@2x.png in Resources */,
				62ED314B148764EA0097B6B5 /* clothes-small-silver-bag-image.png in Resources */,
				62ED314C148764EA0097B6B5 /* clothes-small-silver-bag-image@2x.png in Resources */,
				62ED3152148765870097B6B5 /* RDKClothesDetailViewController.xib in Resources */,
				62304599148DEFCD00759597 /* map-cell-image-1.png in Resources */,
				6230459A148DEFCD00759597 /* map-cell-image-1@2x.png in Resources */,
				6230459B148DEFCD00759597 /* map-cell-image-2.png in Resources */,
				6230459C148DEFCD00759597 /* map-cell-image-2@2x.png in Resources */,
				623045A5148DFA0F00759597 /* RDKSubMapViewController.xib in Resources */,
			);
			runOnlyForDeploymentPostprocessing = 0;
		};
/* End PBXResourcesBuildPhase section */

/* Begin PBXSourcesBuildPhase section */
		62C7101214750296003DF763 /* Sources */ = {
			isa = PBXSourcesBuildPhase;
			buildActionMask = 2147483647;
			files = (
				6269F642147B8B3D008AFE51 /* AppDelegate.m in Sources */,
				6269F643147B8B3D008AFE51 /* RDKBagViewController.m in Sources */,
				6269F647147B8B3D008AFE51 /* RDKClothesViewController.m in Sources */,
				6269F649147B8B3D008AFE51 /* RDKHomeViewController.m in Sources */,
				6269F64B147B8B3D008AFE51 /* RDKImageController.m in Sources */,
				6269F64E147B8B3D008AFE51 /* RDKStyledPageControl.m in Sources */,
				6269F64F147B8B3D008AFE51 /* RDKCustomTabBarItem.m in Sources */,
				6269F650147B8B3D008AFE51 /* RDKCustomImage.m in Sources */,
				6269F651147B8B3D008AFE51 /* RDKCustomScrollView.m in Sources */,
				6269F652147B8B3D008AFE51 /* RDKHomeTableViewCell.m in Sources */,
				6269F65A147B8C51008AFE51 /* main.m in Sources */,
				620AF8A3147CDA9C00D2DA04 /* RDKCalendarViewController.m in Sources */,
				620AF8A5147CDB6C00D2DA04 /* RDKMapViewController.m in Sources */,
				620FF1CD147E4225002D31DB /* RDKClothesTableViewCell.m in Sources */,
				621EBE9F14822B1000F649BC /* RDKClothesGridViewController.m in Sources */,
				621EBEA81482301600F649BC /* RDKClothesItemTableViewCell.m in Sources */,
				620C29D514835C3E006141F7 /* RDKCustomNavigationController.m in Sources */,
				620C29D9148394C2006141F7 /* RDKCustomTabBarController.m in Sources */,
				62ED3151148765870097B6B5 /* RDKClothesDetailViewController.m in Sources */,
				623045A0148DF10500759597 /* RDKMapTableViewCell.m in Sources */,
				623045A4148DFA0F00759597 /* RDKSubMapViewController.m in Sources */,
				623045AA148E051A00759597 /* RDKCustomAnnotation.m in Sources */,
			);
			runOnlyForDeploymentPostprocessing = 0;
		};
/* End PBXSourcesBuildPhase section */

/* Begin PBXVariantGroup section */
		6269F654147B8C51008AFE51 /* InfoPlist.strings */ = {
			isa = PBXVariantGroup;
			children = (
				6269F655147B8C51008AFE51 /* en */,
			);
			name = InfoPlist.strings;
			sourceTree = "<group>";
		};
/* End PBXVariantGroup section */

/* Begin XCBuildConfiguration section */
		62C7104014750296003DF763 /* Debug */ = {
			isa = XCBuildConfiguration;
			buildSettings = {
				ALWAYS_SEARCH_USER_PATHS = NO;
				ARCHS = "$(ARCHS_STANDARD_32_BIT)";
				BUILD_STYLE = Debug;
				"CODE_SIGN_IDENTITY[sdk=iphoneos*]" = "iPhone Developer";
				COPY_PHASE_STRIP = NO;
				GCC_C_LANGUAGE_STANDARD = gnu99;
				GCC_DYNAMIC_NO_PIC = NO;
				GCC_OPTIMIZATION_LEVEL = 0;
				GCC_PREPROCESSOR_DEFINITIONS = (
					"DEBUG=1",
					"$(inherited)",
				);
				GCC_SYMBOLS_PRIVATE_EXTERN = NO;
				GCC_VERSION = com.apple.compilers.llvm.clang.1_0;
				GCC_WARN_ABOUT_MISSING_PROTOTYPES = YES;
				GCC_WARN_ABOUT_RETURN_TYPE = YES;
				GCC_WARN_UNUSED_VARIABLE = YES;
				IPHONEOS_DEPLOYMENT_TARGET = 5.0;
				SDKROOT = iphoneos;
			};
			name = Debug;
		};
		62C7104114750296003DF763 /* Release */ = {
			isa = XCBuildConfiguration;
			buildSettings = {
				ALWAYS_SEARCH_USER_PATHS = NO;
				ARCHS = "$(ARCHS_STANDARD_32_BIT)";
				BUILD_STYLE = Release;
				"CODE_SIGN_IDENTITY[sdk=iphoneos*]" = "iPhone Developer";
				COPY_PHASE_STRIP = YES;
				GCC_C_LANGUAGE_STANDARD = gnu99;
				GCC_VERSION = com.apple.compilers.llvm.clang.1_0;
				GCC_WARN_ABOUT_MISSING_PROTOTYPES = YES;
				GCC_WARN_ABOUT_RETURN_TYPE = YES;
				GCC_WARN_UNUSED_VARIABLE = YES;
				IPHONEOS_DEPLOYMENT_TARGET = 5.0;
				OTHER_CFLAGS = "-DNS_BLOCK_ASSERTIONS=1";
				SDKROOT = iphoneos;
				VALIDATE_PRODUCT = YES;
			};
			name = Release;
		};
		62C7104314750296003DF763 /* Debug */ = {
			isa = XCBuildConfiguration;
			buildSettings = {
				BUILD_STYLE = Debug;
				GCC_PRECOMPILE_PREFIX_HEADER = YES;
				GCC_PREFIX_HEADER = "robe/robe-Prefix.pch";
				INFOPLIST_FILE = "robe/robe-Info.plist";
				IPHONEOS_DEPLOYMENT_TARGET = 4.1;
				LIBRARY_SEARCH_PATHS = (
					"$(inherited)",
					"\"$(SRCROOT)/robe/Source/AppDelegate\"",
				);
				PRODUCT_NAME = "$(TARGET_NAME)";
				WRAPPER_EXTENSION = app;
			};
			name = Debug;
		};
		62C7104414750296003DF763 /* Release */ = {
			isa = XCBuildConfiguration;
			buildSettings = {
				BUILD_STYLE = Release;
				GCC_PRECOMPILE_PREFIX_HEADER = YES;
				GCC_PREFIX_HEADER = "robe/robe-Prefix.pch";
				INFOPLIST_FILE = "robe/robe-Info.plist";
				IPHONEOS_DEPLOYMENT_TARGET = 4.1;
				LIBRARY_SEARCH_PATHS = (
					"$(inherited)",
					"\"$(SRCROOT)/robe/Source/AppDelegate\"",
				);
				PRODUCT_NAME = "$(TARGET_NAME)";
				WRAPPER_EXTENSION = app;
			};
			name = Release;
		};
/* End XCBuildConfiguration section */

/* Begin XCConfigurationList section */
		62C7101014750296003DF763 /* Build configuration list for PBXProject "robe" */ = {
			isa = XCConfigurationList;
			buildConfigurations = (
				62C7104014750296003DF763 /* Debug */,
				62C7104114750296003DF763 /* Release */,
			);
			defaultConfigurationIsVisible = 0;
			defaultConfigurationName = Release;
		};
		62C7104214750296003DF763 /* Build configuration list for PBXNativeTarget "robe" */ = {
			isa = XCConfigurationList;
			buildConfigurations = (
				62C7104314750296003DF763 /* Debug */,
				62C7104414750296003DF763 /* Release */,
			);
			defaultConfigurationIsVisible = 0;
			defaultConfigurationName = Release;
		};
/* End XCConfigurationList section */
	};
	rootObject = 62C7100D14750296003DF763 /* Project object */;
}
