// !$*UTF8*$!
{
	archiveVersion = 1;
	classes = {
	};
	objectVersion = 46;
	objects = {

/* Begin PBXBuildFile section */
		62C7101B14750296003DF763 /* UIKit.framework in Frameworks */ = {isa = PBXBuildFile; fileRef = 62C7101A14750296003DF763 /* UIKit.framework */; };
		62C7101D14750296003DF763 /* Foundation.framework in Frameworks */ = {isa = PBXBuildFile; fileRef = 62C7101C14750296003DF763 /* Foundation.framework */; };
		62C7101F14750296003DF763 /* CoreGraphics.framework in Frameworks */ = {isa = PBXBuildFile; fileRef = 62C7101E14750296003DF763 /* CoreGraphics.framework */; };
		62C7102514750296003DF763 /* InfoPlist.strings in Resources */ = {isa = PBXBuildFile; fileRef = 62C7102314750296003DF763 /* InfoPlist.strings */; };
		62C7102714750296003DF763 /* main.m in Sources */ = {isa = PBXBuildFile; fileRef = 62C7102614750296003DF763 /* main.m */; };
		62C7102B14750296003DF763 /* AppDelegate.m in Sources */ = {isa = PBXBuildFile; fileRef = 62C7102A14750296003DF763 /* AppDelegate.m */; };
		62C7102E14750296003DF763 /* FirstViewController.m in Sources */ = {isa = PBXBuildFile; fileRef = 62C7102D14750296003DF763 /* FirstViewController.m */; };
		62C7105014751137003DF763 /* HomeViewController.m in Sources */ = {isa = PBXBuildFile; fileRef = 62C7104E14751137003DF763 /* HomeViewController.m */; };
		62C7105114751137003DF763 /* HomeViewController.xib in Resources */ = {isa = PBXBuildFile; fileRef = 62C7104F14751137003DF763 /* HomeViewController.xib */; };
		62C710551475115A003DF763 /* CalendarViewController.m in Sources */ = {isa = PBXBuildFile; fileRef = 62C710531475115A003DF763 /* CalendarViewController.m */; };
		62C710561475115A003DF763 /* CalendarViewController.xib in Resources */ = {isa = PBXBuildFile; fileRef = 62C710541475115A003DF763 /* CalendarViewController.xib */; };
		62C7105A147511AA003DF763 /* ClothesViewController.m in Sources */ = {isa = PBXBuildFile; fileRef = 62C71058147511AA003DF763 /* ClothesViewController.m */; };
		62C7105B147511AA003DF763 /* ClothesViewController.xib in Resources */ = {isa = PBXBuildFile; fileRef = 62C71059147511AA003DF763 /* ClothesViewController.xib */; };
		62C7105F147511CE003DF763 /* BagViewController.m in Sources */ = {isa = PBXBuildFile; fileRef = 62C7105D147511CD003DF763 /* BagViewController.m */; };
		62C71060147511CE003DF763 /* BagViewController.xib in Resources */ = {isa = PBXBuildFile; fileRef = 62C7105E147511CE003DF763 /* BagViewController.xib */; };
		62C71064147511EC003DF763 /* MapViewController.m in Sources */ = {isa = PBXBuildFile; fileRef = 62C71062147511EC003DF763 /* MapViewController.m */; };
		62C71065147511EC003DF763 /* MapViewController.xib in Resources */ = {isa = PBXBuildFile; fileRef = 62C71063147511EC003DF763 /* MapViewController.xib */; };
		62C7106A14751516003DF763 /* clothes-icon.png in Resources */ = {isa = PBXBuildFile; fileRef = 62C7106614751516003DF763 /* clothes-icon.png */; };
		62C7106B14751516003DF763 /* clothes-icon@2x.png in Resources */ = {isa = PBXBuildFile; fileRef = 62C7106714751516003DF763 /* clothes-icon@2x.png */; };
		62C7106C14751516003DF763 /* home-icon.png in Resources */ = {isa = PBXBuildFile; fileRef = 62C7106814751516003DF763 /* home-icon.png */; };
		62C7106D14751516003DF763 /* home-icon@2x.png in Resources */ = {isa = PBXBuildFile; fileRef = 62C7106914751516003DF763 /* home-icon@2x.png */; };
		62C7107014751530003DF763 /* bag-icon.png in Resources */ = {isa = PBXBuildFile; fileRef = 62C7106E14751530003DF763 /* bag-icon.png */; };
		62C7107114751530003DF763 /* bag-icon@2x.png in Resources */ = {isa = PBXBuildFile; fileRef = 62C7106F14751530003DF763 /* bag-icon@2x.png */; };
		62C7107414751548003DF763 /* calendar-icon.png in Resources */ = {isa = PBXBuildFile; fileRef = 62C7107214751547003DF763 /* calendar-icon.png */; };
		62C7107514751548003DF763 /* calendar-icon@2x.png in Resources */ = {isa = PBXBuildFile; fileRef = 62C7107314751548003DF763 /* calendar-icon@2x.png */; };
		62C7107814751556003DF763 /* map-icon.png in Resources */ = {isa = PBXBuildFile; fileRef = 62C7107614751555003DF763 /* map-icon.png */; };
		62C7107914751556003DF763 /* map-icon@2x.png in Resources */ = {isa = PBXBuildFile; fileRef = 62C7107714751555003DF763 /* map-icon@2x.png */; };
		62C71083147523A4003DF763 /* bottombar-background.png in Resources */ = {isa = PBXBuildFile; fileRef = 62C71082147523A4003DF763 /* bottombar-background.png */; };
/* End PBXBuildFile section */

/* Begin PBXFileReference section */
		62C7101614750296003DF763 /* robe.app */ = {isa = PBXFileReference; explicitFileType = wrapper.application; includeInIndex = 0; path = robe.app; sourceTree = BUILT_PRODUCTS_DIR; };
		62C7101A14750296003DF763 /* UIKit.framework */ = {isa = PBXFileReference; lastKnownFileType = wrapper.framework; name = UIKit.framework; path = System/Library/Frameworks/UIKit.framework; sourceTree = SDKROOT; };
		62C7101C14750296003DF763 /* Foundation.framework */ = {isa = PBXFileReference; lastKnownFileType = wrapper.framework; name = Foundation.framework; path = System/Library/Frameworks/Foundation.framework; sourceTree = SDKROOT; };
		62C7101E14750296003DF763 /* CoreGraphics.framework */ = {isa = PBXFileReference; lastKnownFileType = wrapper.framework; name = CoreGraphics.framework; path = System/Library/Frameworks/CoreGraphics.framework; sourceTree = SDKROOT; };
		62C7102214750296003DF763 /* robe-Info.plist */ = {isa = PBXFileReference; lastKnownFileType = text.plist.xml; path = "robe-Info.plist"; sourceTree = "<group>"; };
		62C7102414750296003DF763 /* en */ = {isa = PBXFileReference; lastKnownFileType = text.plist.strings; name = en; path = en.lproj/InfoPlist.strings; sourceTree = "<group>"; };
		62C7102614750296003DF763 /* main.m */ = {isa = PBXFileReference; lastKnownFileType = sourcecode.c.objc; path = main.m; sourceTree = "<group>"; };
		62C7102814750296003DF763 /* robe-Prefix.pch */ = {isa = PBXFileReference; lastKnownFileType = sourcecode.c.h; path = "robe-Prefix.pch"; sourceTree = "<group>"; };
		62C7102914750296003DF763 /* AppDelegate.h */ = {isa = PBXFileReference; lastKnownFileType = sourcecode.c.h; path = AppDelegate.h; sourceTree = "<group>"; };
		62C7102A14750296003DF763 /* AppDelegate.m */ = {isa = PBXFileReference; lastKnownFileType = sourcecode.c.objc; path = AppDelegate.m; sourceTree = "<group>"; };
		62C7102C14750296003DF763 /* FirstViewController.h */ = {isa = PBXFileReference; lastKnownFileType = sourcecode.c.h; path = FirstViewController.h; sourceTree = "<group>"; };
		62C7102D14750296003DF763 /* FirstViewController.m */ = {isa = PBXFileReference; lastKnownFileType = sourcecode.c.objc; path = FirstViewController.m; sourceTree = "<group>"; };
		62C7104D14751137003DF763 /* HomeViewController.h */ = {isa = PBXFileReference; fileEncoding = 4; lastKnownFileType = sourcecode.c.h; path = HomeViewController.h; sourceTree = "<group>"; };
		62C7104E14751137003DF763 /* HomeViewController.m */ = {isa = PBXFileReference; fileEncoding = 4; lastKnownFileType = sourcecode.c.objc; path = HomeViewController.m; sourceTree = "<group>"; };
		62C7104F14751137003DF763 /* HomeViewController.xib */ = {isa = PBXFileReference; fileEncoding = 4; lastKnownFileType = file.xib; path = HomeViewController.xib; sourceTree = "<group>"; };
		62C710521475115A003DF763 /* CalendarViewController.h */ = {isa = PBXFileReference; fileEncoding = 4; lastKnownFileType = sourcecode.c.h; path = CalendarViewController.h; sourceTree = "<group>"; };
		62C710531475115A003DF763 /* CalendarViewController.m */ = {isa = PBXFileReference; fileEncoding = 4; lastKnownFileType = sourcecode.c.objc; path = CalendarViewController.m; sourceTree = "<group>"; };
		62C710541475115A003DF763 /* CalendarViewController.xib */ = {isa = PBXFileReference; fileEncoding = 4; lastKnownFileType = file.xib; path = CalendarViewController.xib; sourceTree = "<group>"; };
		62C71057147511AA003DF763 /* ClothesViewController.h */ = {isa = PBXFileReference; fileEncoding = 4; lastKnownFileType = sourcecode.c.h; path = ClothesViewController.h; sourceTree = "<group>"; };
		62C71058147511AA003DF763 /* ClothesViewController.m */ = {isa = PBXFileReference; fileEncoding = 4; lastKnownFileType = sourcecode.c.objc; path = ClothesViewController.m; sourceTree = "<group>"; };
		62C71059147511AA003DF763 /* ClothesViewController.xib */ = {isa = PBXFileReference; fileEncoding = 4; lastKnownFileType = file.xib; path = ClothesViewController.xib; sourceTree = "<group>"; };
		62C7105C147511CD003DF763 /* BagViewController.h */ = {isa = PBXFileReference; fileEncoding = 4; lastKnownFileType = sourcecode.c.h; path = BagViewController.h; sourceTree = "<group>"; };
		62C7105D147511CD003DF763 /* BagViewController.m */ = {isa = PBXFileReference; fileEncoding = 4; lastKnownFileType = sourcecode.c.objc; path = BagViewController.m; sourceTree = "<group>"; };
		62C7105E147511CE003DF763 /* BagViewController.xib */ = {isa = PBXFileReference; fileEncoding = 4; lastKnownFileType = file.xib; path = BagViewController.xib; sourceTree = "<group>"; };
		62C71061147511EC003DF763 /* MapViewController.h */ = {isa = PBXFileReference; fileEncoding = 4; lastKnownFileType = sourcecode.c.h; path = MapViewController.h; sourceTree = "<group>"; };
		62C71062147511EC003DF763 /* MapViewController.m */ = {isa = PBXFileReference; fileEncoding = 4; lastKnownFileType = sourcecode.c.objc; path = MapViewController.m; sourceTree = "<group>"; };
		62C71063147511EC003DF763 /* MapViewController.xib */ = {isa = PBXFileReference; fileEncoding = 4; lastKnownFileType = file.xib; path = MapViewController.xib; sourceTree = "<group>"; };
		62C7106614751516003DF763 /* clothes-icon.png */ = {isa = PBXFileReference; lastKnownFileType = image.png; path = "clothes-icon.png"; sourceTree = "<group>"; };
		62C7106714751516003DF763 /* clothes-icon@2x.png */ = {isa = PBXFileReference; lastKnownFileType = image.png; path = "clothes-icon@2x.png"; sourceTree = "<group>"; };
		62C7106814751516003DF763 /* home-icon.png */ = {isa = PBXFileReference; lastKnownFileType = image.png; path = "home-icon.png"; sourceTree = "<group>"; };
		62C7106914751516003DF763 /* home-icon@2x.png */ = {isa = PBXFileReference; lastKnownFileType = image.png; path = "home-icon@2x.png"; sourceTree = "<group>"; };
		62C7106E14751530003DF763 /* bag-icon.png */ = {isa = PBXFileReference; lastKnownFileType = image.png; path = "bag-icon.png"; sourceTree = "<group>"; };
		62C7106F14751530003DF763 /* bag-icon@2x.png */ = {isa = PBXFileReference; lastKnownFileType = image.png; path = "bag-icon@2x.png"; sourceTree = "<group>"; };
		62C7107214751547003DF763 /* calendar-icon.png */ = {isa = PBXFileReference; lastKnownFileType = image.png; path = "calendar-icon.png"; sourceTree = "<group>"; };
		62C7107314751548003DF763 /* calendar-icon@2x.png */ = {isa = PBXFileReference; lastKnownFileType = image.png; path = "calendar-icon@2x.png"; sourceTree = "<group>"; };
		62C7107614751555003DF763 /* map-icon.png */ = {isa = PBXFileReference; lastKnownFileType = image.png; path = "map-icon.png"; sourceTree = "<group>"; };
		62C7107714751555003DF763 /* map-icon@2x.png */ = {isa = PBXFileReference; lastKnownFileType = image.png; path = "map-icon@2x.png"; sourceTree = "<group>"; };
		62C71082147523A4003DF763 /* bottombar-background.png */ = {isa = PBXFileReference; lastKnownFileType = image.png; path = "bottombar-background.png"; sourceTree = "<group>"; };
/* End PBXFileReference section */

/* Begin PBXFrameworksBuildPhase section */
		62C7101314750296003DF763 /* Frameworks */ = {
			isa = PBXFrameworksBuildPhase;
			buildActionMask = 2147483647;
			files = (
				62C7101B14750296003DF763 /* UIKit.framework in Frameworks */,
				62C7101D14750296003DF763 /* Foundation.framework in Frameworks */,
				62C7101F14750296003DF763 /* CoreGraphics.framework in Frameworks */,
			);
			runOnlyForDeploymentPostprocessing = 0;
		};
/* End PBXFrameworksBuildPhase section */

/* Begin PBXGroup section */
		62C7100B14750296003DF763 = {
			isa = PBXGroup;
			children = (
				62C7102014750296003DF763 /* robe */,
				62C7101914750296003DF763 /* Frameworks */,
				62C7101714750296003DF763 /* Products */,
			);
			sourceTree = "<group>";
		};
		62C7101714750296003DF763 /* Products */ = {
			isa = PBXGroup;
			children = (
				62C7101614750296003DF763 /* robe.app */,
			);
			name = Products;
			sourceTree = "<group>";
		};
		62C7101914750296003DF763 /* Frameworks */ = {
			isa = PBXGroup;
			children = (
				62C7101A14750296003DF763 /* UIKit.framework */,
				62C7101C14750296003DF763 /* Foundation.framework */,
				62C7101E14750296003DF763 /* CoreGraphics.framework */,
			);
			name = Frameworks;
			sourceTree = "<group>";
		};
		62C7102014750296003DF763 /* robe */ = {
			isa = PBXGroup;
			children = (
				62C7102914750296003DF763 /* AppDelegate.h */,
				62C7102A14750296003DF763 /* AppDelegate.m */,
				62C7102C14750296003DF763 /* FirstViewController.h */,
				62C7102D14750296003DF763 /* FirstViewController.m */,
				62C7102114750296003DF763 /* Supporting Files */,
				62C7104D14751137003DF763 /* HomeViewController.h */,
				62C7104E14751137003DF763 /* HomeViewController.m */,
				62C7104F14751137003DF763 /* HomeViewController.xib */,
				62C710521475115A003DF763 /* CalendarViewController.h */,
				62C710531475115A003DF763 /* CalendarViewController.m */,
				62C710541475115A003DF763 /* CalendarViewController.xib */,
				62C71057147511AA003DF763 /* ClothesViewController.h */,
				62C71058147511AA003DF763 /* ClothesViewController.m */,
				62C71059147511AA003DF763 /* ClothesViewController.xib */,
				62C7105C147511CD003DF763 /* BagViewController.h */,
				62C7105D147511CD003DF763 /* BagViewController.m */,
				62C7105E147511CE003DF763 /* BagViewController.xib */,
				62C71061147511EC003DF763 /* MapViewController.h */,
				62C71062147511EC003DF763 /* MapViewController.m */,
				62C71063147511EC003DF763 /* MapViewController.xib */,
			);
			path = robe;
			sourceTree = "<group>";
		};
		62C7102114750296003DF763 /* Supporting Files */ = {
			isa = PBXGroup;
			children = (
				62C71082147523A4003DF763 /* bottombar-background.png */,
				62C7107214751547003DF763 /* calendar-icon.png */,
				62C7107314751548003DF763 /* calendar-icon@2x.png */,
				62C7107614751555003DF763 /* map-icon.png */,
				62C7107714751555003DF763 /* map-icon@2x.png */,
				62C7106E14751530003DF763 /* bag-icon.png */,
				62C7106F14751530003DF763 /* bag-icon@2x.png */,
				62C7106614751516003DF763 /* clothes-icon.png */,
				62C7106714751516003DF763 /* clothes-icon@2x.png */,
				62C7106814751516003DF763 /* home-icon.png */,
				62C7106914751516003DF763 /* home-icon@2x.png */,
				62C7102214750296003DF763 /* robe-Info.plist */,
				62C7102314750296003DF763 /* InfoPlist.strings */,
				62C7102614750296003DF763 /* main.m */,
				62C7102814750296003DF763 /* robe-Prefix.pch */,
			);
			name = "Supporting Files";
			sourceTree = "<group>";
		};
/* End PBXGroup section */

/* Begin PBXNativeTarget section */
		62C7101514750296003DF763 /* robe */ = {
			isa = PBXNativeTarget;
			buildConfigurationList = 62C7104214750296003DF763 /* Build configuration list for PBXNativeTarget "robe" */;
			buildPhases = (
				62C7101214750296003DF763 /* Sources */,
				62C7101314750296003DF763 /* Frameworks */,
				62C7101414750296003DF763 /* Resources */,
			);
			buildRules = (
			);
			dependencies = (
			);
			name = robe;
			productName = robe;
			productReference = 62C7101614750296003DF763 /* robe.app */;
			productType = "com.apple.product-type.application";
		};
/* End PBXNativeTarget section */

/* Begin PBXProject section */
		62C7100D14750296003DF763 /* Project object */ = {
			isa = PBXProject;
			attributes = {
				LastUpgradeCheck = 0420;
				ORGANIZATIONNAME = "Natural of Sience University";
			};
			buildConfigurationList = 62C7101014750296003DF763 /* Build configuration list for PBXProject "robe" */;
			compatibilityVersion = "Xcode 3.2";
			developmentRegion = English;
			hasScannedForEncodings = 0;
			knownRegions = (
				en,
			);
			mainGroup = 62C7100B14750296003DF763;
			productRefGroup = 62C7101714750296003DF763 /* Products */;
			projectDirPath = "";
			projectRoot = "";
			targets = (
				62C7101514750296003DF763 /* robe */,
			);
		};
/* End PBXProject section */

/* Begin PBXResourcesBuildPhase section */
		62C7101414750296003DF763 /* Resources */ = {
			isa = PBXResourcesBuildPhase;
			buildActionMask = 2147483647;
			files = (
				62C7102514750296003DF763 /* InfoPlist.strings in Resources */,
				62C7105114751137003DF763 /* HomeViewController.xib in Resources */,
				62C710561475115A003DF763 /* CalendarViewController.xib in Resources */,
				62C7105B147511AA003DF763 /* ClothesViewController.xib in Resources */,
				62C71060147511CE003DF763 /* BagViewController.xib in Resources */,
				62C71065147511EC003DF763 /* MapViewController.xib in Resources */,
				62C7106A14751516003DF763 /* clothes-icon.png in Resources */,
				62C7106B14751516003DF763 /* clothes-icon@2x.png in Resources */,
				62C7106C14751516003DF763 /* home-icon.png in Resources */,
				62C7106D14751516003DF763 /* home-icon@2x.png in Resources */,
				62C7107014751530003DF763 /* bag-icon.png in Resources */,
				62C7107114751530003DF763 /* bag-icon@2x.png in Resources */,
				62C7107414751548003DF763 /* calendar-icon.png in Resources */,
				62C7107514751548003DF763 /* calendar-icon@2x.png in Resources */,
				62C7107814751556003DF763 /* map-icon.png in Resources */,
				62C7107914751556003DF763 /* map-icon@2x.png in Resources */,
				62C71083147523A4003DF763 /* bottombar-background.png in Resources */,
			);
			runOnlyForDeploymentPostprocessing = 0;
		};
/* End PBXResourcesBuildPhase section */

/* Begin PBXSourcesBuildPhase section */
		62C7101214750296003DF763 /* Sources */ = {
			isa = PBXSourcesBuildPhase;
			buildActionMask = 2147483647;
			files = (
				62C7102714750296003DF763 /* main.m in Sources */,
				62C7102B14750296003DF763 /* AppDelegate.m in Sources */,
				62C7102E14750296003DF763 /* FirstViewController.m in Sources */,
				62C7105014751137003DF763 /* HomeViewController.m in Sources */,
				62C710551475115A003DF763 /* CalendarViewController.m in Sources */,
				62C7105A147511AA003DF763 /* ClothesViewController.m in Sources */,
				62C7105F147511CE003DF763 /* BagViewController.m in Sources */,
				62C71064147511EC003DF763 /* MapViewController.m in Sources */,
			);
			runOnlyForDeploymentPostprocessing = 0;
		};
/* End PBXSourcesBuildPhase section */

/* Begin PBXVariantGroup section */
		62C7102314750296003DF763 /* InfoPlist.strings */ = {
			isa = PBXVariantGroup;
			children = (
				62C7102414750296003DF763 /* en */,
			);
			name = InfoPlist.strings;
			sourceTree = "<group>";
		};
/* End PBXVariantGroup section */

/* Begin XCBuildConfiguration section */
		62C7104014750296003DF763 /* Debug */ = {
			isa = XCBuildConfiguration;
			buildSettings = {
				ALWAYS_SEARCH_USER_PATHS = NO;
				ARCHS = "$(ARCHS_STANDARD_32_BIT)";
				"CODE_SIGN_IDENTITY[sdk=iphoneos*]" = "iPhone Developer";
				COPY_PHASE_STRIP = NO;
				GCC_C_LANGUAGE_STANDARD = gnu99;
				GCC_DYNAMIC_NO_PIC = NO;
				GCC_OPTIMIZATION_LEVEL = 0;
				GCC_PREPROCESSOR_DEFINITIONS = (
					"DEBUG=1",
					"$(inherited)",
				);
				GCC_SYMBOLS_PRIVATE_EXTERN = NO;
				GCC_VERSION = com.apple.compilers.llvm.clang.1_0;
				GCC_WARN_ABOUT_MISSING_PROTOTYPES = YES;
				GCC_WARN_ABOUT_RETURN_TYPE = YES;
				GCC_WARN_UNUSED_VARIABLE = YES;
				IPHONEOS_DEPLOYMENT_TARGET = 5.0;
				SDKROOT = iphoneos;
			};
			name = Debug;
		};
		62C7104114750296003DF763 /* Release */ = {
			isa = XCBuildConfiguration;
			buildSettings = {
				ALWAYS_SEARCH_USER_PATHS = NO;
				ARCHS = "$(ARCHS_STANDARD_32_BIT)";
				"CODE_SIGN_IDENTITY[sdk=iphoneos*]" = "iPhone Developer";
				COPY_PHASE_STRIP = YES;
				GCC_C_LANGUAGE_STANDARD = gnu99;
				GCC_VERSION = com.apple.compilers.llvm.clang.1_0;
				GCC_WARN_ABOUT_MISSING_PROTOTYPES = YES;
				GCC_WARN_ABOUT_RETURN_TYPE = YES;
				GCC_WARN_UNUSED_VARIABLE = YES;
				IPHONEOS_DEPLOYMENT_TARGET = 5.0;
				OTHER_CFLAGS = "-DNS_BLOCK_ASSERTIONS=1";
				SDKROOT = iphoneos;
				VALIDATE_PRODUCT = YES;
			};
			name = Release;
		};
		62C7104314750296003DF763 /* Debug */ = {
			isa = XCBuildConfiguration;
			buildSettings = {
				GCC_PRECOMPILE_PREFIX_HEADER = YES;
				GCC_PREFIX_HEADER = "robe/robe-Prefix.pch";
				INFOPLIST_FILE = "robe/robe-Info.plist";
				PRODUCT_NAME = "$(TARGET_NAME)";
				WRAPPER_EXTENSION = app;
			};
			name = Debug;
		};
		62C7104414750296003DF763 /* Release */ = {
			isa = XCBuildConfiguration;
			buildSettings = {
				GCC_PRECOMPILE_PREFIX_HEADER = YES;
				GCC_PREFIX_HEADER = "robe/robe-Prefix.pch";
				INFOPLIST_FILE = "robe/robe-Info.plist";
				PRODUCT_NAME = "$(TARGET_NAME)";
				WRAPPER_EXTENSION = app;
			};
			name = Release;
		};
/* End XCBuildConfiguration section */

/* Begin XCConfigurationList section */
		62C7101014750296003DF763 /* Build configuration list for PBXProject "robe" */ = {
			isa = XCConfigurationList;
			buildConfigurations = (
				62C7104014750296003DF763 /* Debug */,
				62C7104114750296003DF763 /* Release */,
			);
			defaultConfigurationIsVisible = 0;
			defaultConfigurationName = Release;
		};
		62C7104214750296003DF763 /* Build configuration list for PBXNativeTarget "robe" */ = {
			isa = XCConfigurationList;
			buildConfigurations = (
				62C7104314750296003DF763 /* Debug */,
				62C7104414750296003DF763 /* Release */,
			);
			defaultConfigurationIsVisible = 0;
			defaultConfigurationName = Release;
		};
/* End XCConfigurationList section */
	};
	rootObject = 62C7100D14750296003DF763 /* Project object */;
}
