// !$*UTF8*$!
{
	archiveVersion = 1;
	classes = {
	};
	objectVersion = 46;
	objects = {

/* Begin PBXBuildFile section */
		62E494201472458700F9E90C /* UIKit.framework in Frameworks */ = {isa = PBXBuildFile; fileRef = 62E4941F1472458700F9E90C /* UIKit.framework */; };
		62E494221472458700F9E90C /* Foundation.framework in Frameworks */ = {isa = PBXBuildFile; fileRef = 62E494211472458700F9E90C /* Foundation.framework */; };
		62E494241472458700F9E90C /* CoreGraphics.framework in Frameworks */ = {isa = PBXBuildFile; fileRef = 62E494231472458700F9E90C /* CoreGraphics.framework */; };
		62E4942A1472458700F9E90C /* InfoPlist.strings in Resources */ = {isa = PBXBuildFile; fileRef = 62E494281472458700F9E90C /* InfoPlist.strings */; };
		62E4942C1472458700F9E90C /* main.m in Sources */ = {isa = PBXBuildFile; fileRef = 62E4942B1472458700F9E90C /* main.m */; };
		62E494301472458700F9E90C /* AppDelegate.m in Sources */ = {isa = PBXBuildFile; fileRef = 62E4942F1472458700F9E90C /* AppDelegate.m */; };
		62E494331472458700F9E90C /* ViewController.m in Sources */ = {isa = PBXBuildFile; fileRef = 62E494321472458700F9E90C /* ViewController.m */; };
		62E494361472458700F9E90C /* ViewController.xib in Resources */ = {isa = PBXBuildFile; fileRef = 62E494341472458700F9E90C /* ViewController.xib */; };
		62E4943E1472460600F9E90C /* CoolButton.m in Sources */ = {isa = PBXBuildFile; fileRef = 62E4943D1472460600F9E90C /* CoolButton.m */; };
		62E49441147249CC00F9E90C /* Common.m in Sources */ = {isa = PBXBuildFile; fileRef = 62E49440147249CC00F9E90C /* Common.m */; };
/* End PBXBuildFile section */

/* Begin PBXFileReference section */
		62E4941B1472458700F9E90C /* CoolButton.app */ = {isa = PBXFileReference; explicitFileType = wrapper.application; includeInIndex = 0; path = CoolButton.app; sourceTree = BUILT_PRODUCTS_DIR; };
		62E4941F1472458700F9E90C /* UIKit.framework */ = {isa = PBXFileReference; lastKnownFileType = wrapper.framework; name = UIKit.framework; path = System/Library/Frameworks/UIKit.framework; sourceTree = SDKROOT; };
		62E494211472458700F9E90C /* Foundation.framework */ = {isa = PBXFileReference; lastKnownFileType = wrapper.framework; name = Foundation.framework; path = System/Library/Frameworks/Foundation.framework; sourceTree = SDKROOT; };
		62E494231472458700F9E90C /* CoreGraphics.framework */ = {isa = PBXFileReference; lastKnownFileType = wrapper.framework; name = CoreGraphics.framework; path = System/Library/Frameworks/CoreGraphics.framework; sourceTree = SDKROOT; };
		62E494271472458700F9E90C /* CoolButton-Info.plist */ = {isa = PBXFileReference; lastKnownFileType = text.plist.xml; path = "CoolButton-Info.plist"; sourceTree = "<group>"; };
		62E494291472458700F9E90C /* en */ = {isa = PBXFileReference; lastKnownFileType = text.plist.strings; name = en; path = en.lproj/InfoPlist.strings; sourceTree = "<group>"; };
		62E4942B1472458700F9E90C /* main.m */ = {isa = PBXFileReference; lastKnownFileType = sourcecode.c.objc; path = main.m; sourceTree = "<group>"; };
		62E4942D1472458700F9E90C /* CoolButton-Prefix.pch */ = {isa = PBXFileReference; lastKnownFileType = sourcecode.c.h; path = "CoolButton-Prefix.pch"; sourceTree = "<group>"; };
		62E4942E1472458700F9E90C /* AppDelegate.h */ = {isa = PBXFileReference; lastKnownFileType = sourcecode.c.h; path = AppDelegate.h; sourceTree = "<group>"; };
		62E4942F1472458700F9E90C /* AppDelegate.m */ = {isa = PBXFileReference; lastKnownFileType = sourcecode.c.objc; path = AppDelegate.m; sourceTree = "<group>"; };
		62E494311472458700F9E90C /* ViewController.h */ = {isa = PBXFileReference; lastKnownFileType = sourcecode.c.h; path = ViewController.h; sourceTree = "<group>"; };
		62E494321472458700F9E90C /* ViewController.m */ = {isa = PBXFileReference; lastKnownFileType = sourcecode.c.objc; path = ViewController.m; sourceTree = "<group>"; };
		62E494351472458700F9E90C /* en */ = {isa = PBXFileReference; lastKnownFileType = file.xib; name = en; path = en.lproj/ViewController.xib; sourceTree = "<group>"; };
		62E4943C1472460600F9E90C /* CoolButton.h */ = {isa = PBXFileReference; fileEncoding = 4; lastKnownFileType = sourcecode.c.h; path = CoolButton.h; sourceTree = "<group>"; };
		62E4943D1472460600F9E90C /* CoolButton.m */ = {isa = PBXFileReference; fileEncoding = 4; lastKnownFileType = sourcecode.c.objc; path = CoolButton.m; sourceTree = "<group>"; };
		62E4943F147249CC00F9E90C /* Common.h */ = {isa = PBXFileReference; fileEncoding = 4; lastKnownFileType = sourcecode.c.h; path = Common.h; sourceTree = "<group>"; };
		62E49440147249CC00F9E90C /* Common.m */ = {isa = PBXFileReference; fileEncoding = 4; lastKnownFileType = sourcecode.c.objc; path = Common.m; sourceTree = "<group>"; };
/* End PBXFileReference section */

/* Begin PBXFrameworksBuildPhase section */
		62E494181472458700F9E90C /* Frameworks */ = {
			isa = PBXFrameworksBuildPhase;
			buildActionMask = 2147483647;
			files = (
				62E494201472458700F9E90C /* UIKit.framework in Frameworks */,
				62E494221472458700F9E90C /* Foundation.framework in Frameworks */,
				62E494241472458700F9E90C /* CoreGraphics.framework in Frameworks */,
			);
			runOnlyForDeploymentPostprocessing = 0;
		};
/* End PBXFrameworksBuildPhase section */

/* Begin PBXGroup section */
		62E494101472458700F9E90C = {
			isa = PBXGroup;
			children = (
				62E494251472458700F9E90C /* CoolButton */,
				62E4941E1472458700F9E90C /* Frameworks */,
				62E4941C1472458700F9E90C /* Products */,
			);
			sourceTree = "<group>";
		};
		62E4941C1472458700F9E90C /* Products */ = {
			isa = PBXGroup;
			children = (
				62E4941B1472458700F9E90C /* CoolButton.app */,
			);
			name = Products;
			sourceTree = "<group>";
		};
		62E4941E1472458700F9E90C /* Frameworks */ = {
			isa = PBXGroup;
			children = (
				62E4941F1472458700F9E90C /* UIKit.framework */,
				62E494211472458700F9E90C /* Foundation.framework */,
				62E494231472458700F9E90C /* CoreGraphics.framework */,
			);
			name = Frameworks;
			sourceTree = "<group>";
		};
		62E494251472458700F9E90C /* CoolButton */ = {
			isa = PBXGroup;
			children = (
				62E4942E1472458700F9E90C /* AppDelegate.h */,
				62E4942F1472458700F9E90C /* AppDelegate.m */,
				62E4943F147249CC00F9E90C /* Common.h */,
				62E49440147249CC00F9E90C /* Common.m */,
				62E494311472458700F9E90C /* ViewController.h */,
				62E494321472458700F9E90C /* ViewController.m */,
				62E494341472458700F9E90C /* ViewController.xib */,
				62E494261472458700F9E90C /* Supporting Files */,
				62E4943C1472460600F9E90C /* CoolButton.h */,
				62E4943D1472460600F9E90C /* CoolButton.m */,
			);
			path = CoolButton;
			sourceTree = "<group>";
		};
		62E494261472458700F9E90C /* Supporting Files */ = {
			isa = PBXGroup;
			children = (
				62E494271472458700F9E90C /* CoolButton-Info.plist */,
				62E494281472458700F9E90C /* InfoPlist.strings */,
				62E4942B1472458700F9E90C /* main.m */,
				62E4942D1472458700F9E90C /* CoolButton-Prefix.pch */,
			);
			name = "Supporting Files";
			sourceTree = "<group>";
		};
/* End PBXGroup section */

/* Begin PBXNativeTarget section */
		62E4941A1472458700F9E90C /* CoolButton */ = {
			isa = PBXNativeTarget;
			buildConfigurationList = 62E494391472458700F9E90C /* Build configuration list for PBXNativeTarget "CoolButton" */;
			buildPhases = (
				62E494171472458700F9E90C /* Sources */,
				62E494181472458700F9E90C /* Frameworks */,
				62E494191472458700F9E90C /* Resources */,
			);
			buildRules = (
			);
			dependencies = (
			);
			name = CoolButton;
			productName = CoolButton;
			productReference = 62E4941B1472458700F9E90C /* CoolButton.app */;
			productType = "com.apple.product-type.application";
		};
/* End PBXNativeTarget section */

/* Begin PBXProject section */
		62E494121472458700F9E90C /* Project object */ = {
			isa = PBXProject;
			attributes = {
				LastUpgradeCheck = 0420;
				ORGANIZATIONNAME = "Natural of Sience University";
			};
			buildConfigurationList = 62E494151472458700F9E90C /* Build configuration list for PBXProject "CoolButton" */;
			compatibilityVersion = "Xcode 3.2";
			developmentRegion = English;
			hasScannedForEncodings = 0;
			knownRegions = (
				en,
			);
			mainGroup = 62E494101472458700F9E90C;
			productRefGroup = 62E4941C1472458700F9E90C /* Products */;
			projectDirPath = "";
			projectRoot = "";
			targets = (
				62E4941A1472458700F9E90C /* CoolButton */,
			);
		};
/* End PBXProject section */

/* Begin PBXResourcesBuildPhase section */
		62E494191472458700F9E90C /* Resources */ = {
			isa = PBXResourcesBuildPhase;
			buildActionMask = 2147483647;
			files = (
				62E4942A1472458700F9E90C /* InfoPlist.strings in Resources */,
				62E494361472458700F9E90C /* ViewController.xib in Resources */,
			);
			runOnlyForDeploymentPostprocessing = 0;
		};
/* End PBXResourcesBuildPhase section */

/* Begin PBXSourcesBuildPhase section */
		62E494171472458700F9E90C /* Sources */ = {
			isa = PBXSourcesBuildPhase;
			buildActionMask = 2147483647;
			files = (
				62E4942C1472458700F9E90C /* main.m in Sources */,
				62E494301472458700F9E90C /* AppDelegate.m in Sources */,
				62E494331472458700F9E90C /* ViewController.m in Sources */,
				62E4943E1472460600F9E90C /* CoolButton.m in Sources */,
				62E49441147249CC00F9E90C /* Common.m in Sources */,
			);
			runOnlyForDeploymentPostprocessing = 0;
		};
/* End PBXSourcesBuildPhase section */

/* Begin PBXVariantGroup section */
		62E494281472458700F9E90C /* InfoPlist.strings */ = {
			isa = PBXVariantGroup;
			children = (
				62E494291472458700F9E90C /* en */,
			);
			name = InfoPlist.strings;
			sourceTree = "<group>";
		};
		62E494341472458700F9E90C /* ViewController.xib */ = {
			isa = PBXVariantGroup;
			children = (
				62E494351472458700F9E90C /* en */,
			);
			name = ViewController.xib;
			sourceTree = "<group>";
		};
/* End PBXVariantGroup section */

/* Begin XCBuildConfiguration section */
		62E494371472458700F9E90C /* Debug */ = {
			isa = XCBuildConfiguration;
			buildSettings = {
				ALWAYS_SEARCH_USER_PATHS = NO;
				ARCHS = "$(ARCHS_STANDARD_32_BIT)";
				"CODE_SIGN_IDENTITY[sdk=iphoneos*]" = "iPhone Developer";
				COPY_PHASE_STRIP = NO;
				GCC_C_LANGUAGE_STANDARD = gnu99;
				GCC_DYNAMIC_NO_PIC = NO;
				GCC_OPTIMIZATION_LEVEL = 0;
				GCC_PREPROCESSOR_DEFINITIONS = (
					"DEBUG=1",
					"$(inherited)",
				);
				GCC_SYMBOLS_PRIVATE_EXTERN = NO;
				GCC_VERSION = com.apple.compilers.llvm.clang.1_0;
				GCC_WARN_ABOUT_MISSING_PROTOTYPES = YES;
				GCC_WARN_ABOUT_RETURN_TYPE = YES;
				GCC_WARN_UNUSED_VARIABLE = YES;
				IPHONEOS_DEPLOYMENT_TARGET = 5.0;
				SDKROOT = iphoneos;
			};
			name = Debug;
		};
		62E494381472458700F9E90C /* Release */ = {
			isa = XCBuildConfiguration;
			buildSettings = {
				ALWAYS_SEARCH_USER_PATHS = NO;
				ARCHS = "$(ARCHS_STANDARD_32_BIT)";
				"CODE_SIGN_IDENTITY[sdk=iphoneos*]" = "iPhone Developer";
				COPY_PHASE_STRIP = YES;
				GCC_C_LANGUAGE_STANDARD = gnu99;
				GCC_VERSION = com.apple.compilers.llvm.clang.1_0;
				GCC_WARN_ABOUT_MISSING_PROTOTYPES = YES;
				GCC_WARN_ABOUT_RETURN_TYPE = YES;
				GCC_WARN_UNUSED_VARIABLE = YES;
				IPHONEOS_DEPLOYMENT_TARGET = 5.0;
				OTHER_CFLAGS = "-DNS_BLOCK_ASSERTIONS=1";
				SDKROOT = iphoneos;
				VALIDATE_PRODUCT = YES;
			};
			name = Release;
		};
		62E4943A1472458700F9E90C /* Debug */ = {
			isa = XCBuildConfiguration;
			buildSettings = {
				GCC_PRECOMPILE_PREFIX_HEADER = YES;
				GCC_PREFIX_HEADER = "CoolButton/CoolButton-Prefix.pch";
				INFOPLIST_FILE = "CoolButton/CoolButton-Info.plist";
				PRODUCT_NAME = "$(TARGET_NAME)";
				WRAPPER_EXTENSION = app;
			};
			name = Debug;
		};
		62E4943B1472458700F9E90C /* Release */ = {
			isa = XCBuildConfiguration;
			buildSettings = {
				GCC_PRECOMPILE_PREFIX_HEADER = YES;
				GCC_PREFIX_HEADER = "CoolButton/CoolButton-Prefix.pch";
				INFOPLIST_FILE = "CoolButton/CoolButton-Info.plist";
				PRODUCT_NAME = "$(TARGET_NAME)";
				WRAPPER_EXTENSION = app;
			};
			name = Release;
		};
/* End XCBuildConfiguration section */

/* Begin XCConfigurationList section */
		62E494151472458700F9E90C /* Build configuration list for PBXProject "CoolButton" */ = {
			isa = XCConfigurationList;
			buildConfigurations = (
				62E494371472458700F9E90C /* Debug */,
				62E494381472458700F9E90C /* Release */,
			);
			defaultConfigurationIsVisible = 0;
			defaultConfigurationName = Release;
		};
		62E494391472458700F9E90C /* Build configuration list for PBXNativeTarget "CoolButton" */ = {
			isa = XCConfigurationList;
			buildConfigurations = (
				62E4943A1472458700F9E90C /* Debug */,
				62E4943B1472458700F9E90C /* Release */,
			);
			defaultConfigurationIsVisible = 0;
		};
/* End XCConfigurationList section */
	};
	rootObject = 62E494121472458700F9E90C /* Project object */;
}
