// !$*UTF8*$!
{
	archiveVersion = 1;
	classes = {
	};
	objectVersion = 46;
	objects = {

/* Begin PBXBuildFile section */
		6269C923146A5ECD00B08F4C /* UIKit.framework in Frameworks */ = {isa = PBXBuildFile; fileRef = 6269C922146A5ECD00B08F4C /* UIKit.framework */; };
		6269C925146A5ECD00B08F4C /* Foundation.framework in Frameworks */ = {isa = PBXBuildFile; fileRef = 6269C924146A5ECD00B08F4C /* Foundation.framework */; };
		6269C927146A5ECD00B08F4C /* CoreGraphics.framework in Frameworks */ = {isa = PBXBuildFile; fileRef = 6269C926146A5ECD00B08F4C /* CoreGraphics.framework */; };
		6269C92D146A5ECD00B08F4C /* InfoPlist.strings in Resources */ = {isa = PBXBuildFile; fileRef = 6269C92B146A5ECD00B08F4C /* InfoPlist.strings */; };
		6269C92F146A5ECD00B08F4C /* main.m in Sources */ = {isa = PBXBuildFile; fileRef = 6269C92E146A5ECD00B08F4C /* main.m */; };
		6269C933146A5ECD00B08F4C /* AppDelegate.m in Sources */ = {isa = PBXBuildFile; fileRef = 6269C932146A5ECD00B08F4C /* AppDelegate.m */; };
		6269C936146A5ECD00B08F4C /* MainStoryboard_iPhone.storyboard in Resources */ = {isa = PBXBuildFile; fileRef = 6269C934146A5ECD00B08F4C /* MainStoryboard_iPhone.storyboard */; };
		6269C939146A5ECE00B08F4C /* MainStoryboard_iPad.storyboard in Resources */ = {isa = PBXBuildFile; fileRef = 6269C937146A5ECE00B08F4C /* MainStoryboard_iPad.storyboard */; };
		6269C93C146A5ECE00B08F4C /* MasterViewController.m in Sources */ = {isa = PBXBuildFile; fileRef = 6269C93B146A5ECE00B08F4C /* MasterViewController.m */; };
		6269C93F146A5ECE00B08F4C /* DetailViewController.m in Sources */ = {isa = PBXBuildFile; fileRef = 6269C93E146A5ECE00B08F4C /* DetailViewController.m */; };
		6269C947146A5ECE00B08F4C /* SenTestingKit.framework in Frameworks */ = {isa = PBXBuildFile; fileRef = 6269C946146A5ECE00B08F4C /* SenTestingKit.framework */; };
		6269C948146A5ECE00B08F4C /* UIKit.framework in Frameworks */ = {isa = PBXBuildFile; fileRef = 6269C922146A5ECD00B08F4C /* UIKit.framework */; };
		6269C949146A5ECE00B08F4C /* Foundation.framework in Frameworks */ = {isa = PBXBuildFile; fileRef = 6269C924146A5ECD00B08F4C /* Foundation.framework */; };
		6269C951146A5ECE00B08F4C /* InfoPlist.strings in Resources */ = {isa = PBXBuildFile; fileRef = 6269C94F146A5ECE00B08F4C /* InfoPlist.strings */; };
		6269C954146A5ECE00B08F4C /* demoTests.m in Sources */ = {isa = PBXBuildFile; fileRef = 6269C953146A5ECE00B08F4C /* demoTests.m */; };
		6269C95F146A734F00B08F4C /* NewNodeView.m in Sources */ = {isa = PBXBuildFile; fileRef = 6269C95E146A734F00B08F4C /* NewNodeView.m */; };
		6269C962146A909C00B08F4C /* OverlayViewController.m in Sources */ = {isa = PBXBuildFile; fileRef = 6269C961146A909B00B08F4C /* OverlayViewController.m */; };
		6269C964146A90AC00B08F4C /* OverlayView.xib in Resources */ = {isa = PBXBuildFile; fileRef = 6269C963146A90AC00B08F4C /* OverlayView.xib */; };
/* End PBXBuildFile section */

/* Begin PBXContainerItemProxy section */
		6269C94A146A5ECE00B08F4C /* PBXContainerItemProxy */ = {
			isa = PBXContainerItemProxy;
			containerPortal = 6269C915146A5ECD00B08F4C /* Project object */;
			proxyType = 1;
			remoteGlobalIDString = 6269C91D146A5ECD00B08F4C;
			remoteInfo = demo;
		};
/* End PBXContainerItemProxy section */

/* Begin PBXFileReference section */
		6269C91E146A5ECD00B08F4C /* demo.app */ = {isa = PBXFileReference; explicitFileType = wrapper.application; includeInIndex = 0; path = demo.app; sourceTree = BUILT_PRODUCTS_DIR; };
		6269C922146A5ECD00B08F4C /* UIKit.framework */ = {isa = PBXFileReference; lastKnownFileType = wrapper.framework; name = UIKit.framework; path = System/Library/Frameworks/UIKit.framework; sourceTree = SDKROOT; };
		6269C924146A5ECD00B08F4C /* Foundation.framework */ = {isa = PBXFileReference; lastKnownFileType = wrapper.framework; name = Foundation.framework; path = System/Library/Frameworks/Foundation.framework; sourceTree = SDKROOT; };
		6269C926146A5ECD00B08F4C /* CoreGraphics.framework */ = {isa = PBXFileReference; lastKnownFileType = wrapper.framework; name = CoreGraphics.framework; path = System/Library/Frameworks/CoreGraphics.framework; sourceTree = SDKROOT; };
		6269C92A146A5ECD00B08F4C /* demo-Info.plist */ = {isa = PBXFileReference; lastKnownFileType = text.plist.xml; path = "demo-Info.plist"; sourceTree = "<group>"; };
		6269C92C146A5ECD00B08F4C /* en */ = {isa = PBXFileReference; lastKnownFileType = text.plist.strings; name = en; path = en.lproj/InfoPlist.strings; sourceTree = "<group>"; };
		6269C92E146A5ECD00B08F4C /* main.m */ = {isa = PBXFileReference; lastKnownFileType = sourcecode.c.objc; path = main.m; sourceTree = "<group>"; };
		6269C930146A5ECD00B08F4C /* demo-Prefix.pch */ = {isa = PBXFileReference; lastKnownFileType = sourcecode.c.h; path = "demo-Prefix.pch"; sourceTree = "<group>"; };
		6269C931146A5ECD00B08F4C /* AppDelegate.h */ = {isa = PBXFileReference; lastKnownFileType = sourcecode.c.h; path = AppDelegate.h; sourceTree = "<group>"; };
		6269C932146A5ECD00B08F4C /* AppDelegate.m */ = {isa = PBXFileReference; lastKnownFileType = sourcecode.c.objc; path = AppDelegate.m; sourceTree = "<group>"; };
		6269C935146A5ECD00B08F4C /* en */ = {isa = PBXFileReference; lastKnownFileType = file.storyboard; name = en; path = en.lproj/MainStoryboard_iPhone.storyboard; sourceTree = "<group>"; };
		6269C938146A5ECE00B08F4C /* en */ = {isa = PBXFileReference; lastKnownFileType = file.storyboard; name = en; path = en.lproj/MainStoryboard_iPad.storyboard; sourceTree = "<group>"; };
		6269C93A146A5ECE00B08F4C /* MasterViewController.h */ = {isa = PBXFileReference; lastKnownFileType = sourcecode.c.h; path = MasterViewController.h; sourceTree = "<group>"; };
		6269C93B146A5ECE00B08F4C /* MasterViewController.m */ = {isa = PBXFileReference; lastKnownFileType = sourcecode.c.objc; path = MasterViewController.m; sourceTree = "<group>"; };
		6269C93D146A5ECE00B08F4C /* DetailViewController.h */ = {isa = PBXFileReference; lastKnownFileType = sourcecode.c.h; path = DetailViewController.h; sourceTree = "<group>"; };
		6269C93E146A5ECE00B08F4C /* DetailViewController.m */ = {isa = PBXFileReference; lastKnownFileType = sourcecode.c.objc; path = DetailViewController.m; sourceTree = "<group>"; };
		6269C945146A5ECE00B08F4C /* demoTests.octest */ = {isa = PBXFileReference; explicitFileType = wrapper.cfbundle; includeInIndex = 0; path = demoTests.octest; sourceTree = BUILT_PRODUCTS_DIR; };
		6269C946146A5ECE00B08F4C /* SenTestingKit.framework */ = {isa = PBXFileReference; lastKnownFileType = wrapper.framework; name = SenTestingKit.framework; path = Library/Frameworks/SenTestingKit.framework; sourceTree = DEVELOPER_DIR; };
		6269C94E146A5ECE00B08F4C /* demoTests-Info.plist */ = {isa = PBXFileReference; lastKnownFileType = text.plist.xml; path = "demoTests-Info.plist"; sourceTree = "<group>"; };
		6269C950146A5ECE00B08F4C /* en */ = {isa = PBXFileReference; lastKnownFileType = text.plist.strings; name = en; path = en.lproj/InfoPlist.strings; sourceTree = "<group>"; };
		6269C952146A5ECE00B08F4C /* demoTests.h */ = {isa = PBXFileReference; lastKnownFileType = sourcecode.c.h; path = demoTests.h; sourceTree = "<group>"; };
		6269C953146A5ECE00B08F4C /* demoTests.m */ = {isa = PBXFileReference; lastKnownFileType = sourcecode.c.objc; path = demoTests.m; sourceTree = "<group>"; };
		6269C95D146A734F00B08F4C /* NewNodeView.h */ = {isa = PBXFileReference; fileEncoding = 4; lastKnownFileType = sourcecode.c.h; path = NewNodeView.h; sourceTree = "<group>"; };
		6269C95E146A734F00B08F4C /* NewNodeView.m */ = {isa = PBXFileReference; fileEncoding = 4; lastKnownFileType = sourcecode.c.objc; path = NewNodeView.m; sourceTree = "<group>"; };
		6269C960146A909B00B08F4C /* OverlayViewController.h */ = {isa = PBXFileReference; fileEncoding = 4; lastKnownFileType = sourcecode.c.h; path = OverlayViewController.h; sourceTree = "<group>"; };
		6269C961146A909B00B08F4C /* OverlayViewController.m */ = {isa = PBXFileReference; fileEncoding = 4; lastKnownFileType = sourcecode.c.objc; path = OverlayViewController.m; sourceTree = "<group>"; };
		6269C963146A90AC00B08F4C /* OverlayView.xib */ = {isa = PBXFileReference; fileEncoding = 4; lastKnownFileType = file.xib; path = OverlayView.xib; sourceTree = "<group>"; };
/* End PBXFileReference section */

/* Begin PBXFrameworksBuildPhase section */
		6269C91B146A5ECD00B08F4C /* Frameworks */ = {
			isa = PBXFrameworksBuildPhase;
			buildActionMask = 2147483647;
			files = (
				6269C923146A5ECD00B08F4C /* UIKit.framework in Frameworks */,
				6269C925146A5ECD00B08F4C /* Foundation.framework in Frameworks */,
				6269C927146A5ECD00B08F4C /* CoreGraphics.framework in Frameworks */,
			);
			runOnlyForDeploymentPostprocessing = 0;
		};
		6269C941146A5ECE00B08F4C /* Frameworks */ = {
			isa = PBXFrameworksBuildPhase;
			buildActionMask = 2147483647;
			files = (
				6269C947146A5ECE00B08F4C /* SenTestingKit.framework in Frameworks */,
				6269C948146A5ECE00B08F4C /* UIKit.framework in Frameworks */,
				6269C949146A5ECE00B08F4C /* Foundation.framework in Frameworks */,
			);
			runOnlyForDeploymentPostprocessing = 0;
		};
/* End PBXFrameworksBuildPhase section */

/* Begin PBXGroup section */
		6269C913146A5ECD00B08F4C = {
			isa = PBXGroup;
			children = (
				6269C928146A5ECD00B08F4C /* demo */,
				6269C94C146A5ECE00B08F4C /* demoTests */,
				6269C921146A5ECD00B08F4C /* Frameworks */,
				6269C91F146A5ECD00B08F4C /* Products */,
			);
			sourceTree = "<group>";
		};
		6269C91F146A5ECD00B08F4C /* Products */ = {
			isa = PBXGroup;
			children = (
				6269C91E146A5ECD00B08F4C /* demo.app */,
				6269C945146A5ECE00B08F4C /* demoTests.octest */,
			);
			name = Products;
			sourceTree = "<group>";
		};
		6269C921146A5ECD00B08F4C /* Frameworks */ = {
			isa = PBXGroup;
			children = (
				6269C922146A5ECD00B08F4C /* UIKit.framework */,
				6269C924146A5ECD00B08F4C /* Foundation.framework */,
				6269C926146A5ECD00B08F4C /* CoreGraphics.framework */,
				6269C946146A5ECE00B08F4C /* SenTestingKit.framework */,
			);
			name = Frameworks;
			sourceTree = "<group>";
		};
		6269C928146A5ECD00B08F4C /* demo */ = {
			isa = PBXGroup;
			children = (
				6269C960146A909B00B08F4C /* OverlayViewController.h */,
				6269C961146A909B00B08F4C /* OverlayViewController.m */,
				6269C931146A5ECD00B08F4C /* AppDelegate.h */,
				6269C932146A5ECD00B08F4C /* AppDelegate.m */,
				6269C934146A5ECD00B08F4C /* MainStoryboard_iPhone.storyboard */,
				6269C937146A5ECE00B08F4C /* MainStoryboard_iPad.storyboard */,
				6269C93A146A5ECE00B08F4C /* MasterViewController.h */,
				6269C93B146A5ECE00B08F4C /* MasterViewController.m */,
				6269C93D146A5ECE00B08F4C /* DetailViewController.h */,
				6269C93E146A5ECE00B08F4C /* DetailViewController.m */,
				6269C929146A5ECD00B08F4C /* Supporting Files */,
				6269C95D146A734F00B08F4C /* NewNodeView.h */,
				6269C95E146A734F00B08F4C /* NewNodeView.m */,
			);
			path = demo;
			sourceTree = "<group>";
		};
		6269C929146A5ECD00B08F4C /* Supporting Files */ = {
			isa = PBXGroup;
			children = (
				6269C963146A90AC00B08F4C /* OverlayView.xib */,
				6269C92A146A5ECD00B08F4C /* demo-Info.plist */,
				6269C92B146A5ECD00B08F4C /* InfoPlist.strings */,
				6269C92E146A5ECD00B08F4C /* main.m */,
				6269C930146A5ECD00B08F4C /* demo-Prefix.pch */,
			);
			name = "Supporting Files";
			sourceTree = "<group>";
		};
		6269C94C146A5ECE00B08F4C /* demoTests */ = {
			isa = PBXGroup;
			children = (
				6269C952146A5ECE00B08F4C /* demoTests.h */,
				6269C953146A5ECE00B08F4C /* demoTests.m */,
				6269C94D146A5ECE00B08F4C /* Supporting Files */,
			);
			path = demoTests;
			sourceTree = "<group>";
		};
		6269C94D146A5ECE00B08F4C /* Supporting Files */ = {
			isa = PBXGroup;
			children = (
				6269C94E146A5ECE00B08F4C /* demoTests-Info.plist */,
				6269C94F146A5ECE00B08F4C /* InfoPlist.strings */,
			);
			name = "Supporting Files";
			sourceTree = "<group>";
		};
/* End PBXGroup section */

/* Begin PBXNativeTarget section */
		6269C91D146A5ECD00B08F4C /* demo */ = {
			isa = PBXNativeTarget;
			buildConfigurationList = 6269C957146A5ECE00B08F4C /* Build configuration list for PBXNativeTarget "demo" */;
			buildPhases = (
				6269C91A146A5ECD00B08F4C /* Sources */,
				6269C91B146A5ECD00B08F4C /* Frameworks */,
				6269C91C146A5ECD00B08F4C /* Resources */,
			);
			buildRules = (
			);
			dependencies = (
			);
			name = demo;
			productName = demo;
			productReference = 6269C91E146A5ECD00B08F4C /* demo.app */;
			productType = "com.apple.product-type.application";
		};
		6269C944146A5ECE00B08F4C /* demoTests */ = {
			isa = PBXNativeTarget;
			buildConfigurationList = 6269C95A146A5ECE00B08F4C /* Build configuration list for PBXNativeTarget "demoTests" */;
			buildPhases = (
				6269C940146A5ECE00B08F4C /* Sources */,
				6269C941146A5ECE00B08F4C /* Frameworks */,
				6269C942146A5ECE00B08F4C /* Resources */,
				6269C943146A5ECE00B08F4C /* ShellScript */,
			);
			buildRules = (
			);
			dependencies = (
				6269C94B146A5ECE00B08F4C /* PBXTargetDependency */,
			);
			name = demoTests;
			productName = demoTests;
			productReference = 6269C945146A5ECE00B08F4C /* demoTests.octest */;
			productType = "com.apple.product-type.bundle";
		};
/* End PBXNativeTarget section */

/* Begin PBXProject section */
		6269C915146A5ECD00B08F4C /* Project object */ = {
			isa = PBXProject;
			attributes = {
				LastUpgradeCheck = 0420;
				ORGANIZATIONNAME = "Natural of Sience University";
			};
			buildConfigurationList = 6269C918146A5ECD00B08F4C /* Build configuration list for PBXProject "demo" */;
			compatibilityVersion = "Xcode 3.2";
			developmentRegion = English;
			hasScannedForEncodings = 0;
			knownRegions = (
				en,
			);
			mainGroup = 6269C913146A5ECD00B08F4C;
			productRefGroup = 6269C91F146A5ECD00B08F4C /* Products */;
			projectDirPath = "";
			projectRoot = "";
			targets = (
				6269C91D146A5ECD00B08F4C /* demo */,
				6269C944146A5ECE00B08F4C /* demoTests */,
			);
		};
/* End PBXProject section */

/* Begin PBXResourcesBuildPhase section */
		6269C91C146A5ECD00B08F4C /* Resources */ = {
			isa = PBXResourcesBuildPhase;
			buildActionMask = 2147483647;
			files = (
				6269C92D146A5ECD00B08F4C /* InfoPlist.strings in Resources */,
				6269C936146A5ECD00B08F4C /* MainStoryboard_iPhone.storyboard in Resources */,
				6269C939146A5ECE00B08F4C /* MainStoryboard_iPad.storyboard in Resources */,
				6269C964146A90AC00B08F4C /* OverlayView.xib in Resources */,
			);
			runOnlyForDeploymentPostprocessing = 0;
		};
		6269C942146A5ECE00B08F4C /* Resources */ = {
			isa = PBXResourcesBuildPhase;
			buildActionMask = 2147483647;
			files = (
				6269C951146A5ECE00B08F4C /* InfoPlist.strings in Resources */,
			);
			runOnlyForDeploymentPostprocessing = 0;
		};
/* End PBXResourcesBuildPhase section */

/* Begin PBXShellScriptBuildPhase section */
		6269C943146A5ECE00B08F4C /* ShellScript */ = {
			isa = PBXShellScriptBuildPhase;
			buildActionMask = 2147483647;
			files = (
			);
			inputPaths = (
			);
			outputPaths = (
			);
			runOnlyForDeploymentPostprocessing = 0;
			shellPath = /bin/sh;
			shellScript = "# Run the unit tests in this test bundle.\n\"${SYSTEM_DEVELOPER_DIR}/Tools/RunUnitTests\"\n";
		};
/* End PBXShellScriptBuildPhase section */

/* Begin PBXSourcesBuildPhase section */
		6269C91A146A5ECD00B08F4C /* Sources */ = {
			isa = PBXSourcesBuildPhase;
			buildActionMask = 2147483647;
			files = (
				6269C92F146A5ECD00B08F4C /* main.m in Sources */,
				6269C933146A5ECD00B08F4C /* AppDelegate.m in Sources */,
				6269C93C146A5ECE00B08F4C /* MasterViewController.m in Sources */,
				6269C93F146A5ECE00B08F4C /* DetailViewController.m in Sources */,
				6269C95F146A734F00B08F4C /* NewNodeView.m in Sources */,
				6269C962146A909C00B08F4C /* OverlayViewController.m in Sources */,
			);
			runOnlyForDeploymentPostprocessing = 0;
		};
		6269C940146A5ECE00B08F4C /* Sources */ = {
			isa = PBXSourcesBuildPhase;
			buildActionMask = 2147483647;
			files = (
				6269C954146A5ECE00B08F4C /* demoTests.m in Sources */,
			);
			runOnlyForDeploymentPostprocessing = 0;
		};
/* End PBXSourcesBuildPhase section */

/* Begin PBXTargetDependency section */
		6269C94B146A5ECE00B08F4C /* PBXTargetDependency */ = {
			isa = PBXTargetDependency;
			target = 6269C91D146A5ECD00B08F4C /* demo */;
			targetProxy = 6269C94A146A5ECE00B08F4C /* PBXContainerItemProxy */;
		};
/* End PBXTargetDependency section */

/* Begin PBXVariantGroup section */
		6269C92B146A5ECD00B08F4C /* InfoPlist.strings */ = {
			isa = PBXVariantGroup;
			children = (
				6269C92C146A5ECD00B08F4C /* en */,
			);
			name = InfoPlist.strings;
			sourceTree = "<group>";
		};
		6269C934146A5ECD00B08F4C /* MainStoryboard_iPhone.storyboard */ = {
			isa = PBXVariantGroup;
			children = (
				6269C935146A5ECD00B08F4C /* en */,
			);
			name = MainStoryboard_iPhone.storyboard;
			sourceTree = "<group>";
		};
		6269C937146A5ECE00B08F4C /* MainStoryboard_iPad.storyboard */ = {
			isa = PBXVariantGroup;
			children = (
				6269C938146A5ECE00B08F4C /* en */,
			);
			name = MainStoryboard_iPad.storyboard;
			sourceTree = "<group>";
		};
		6269C94F146A5ECE00B08F4C /* InfoPlist.strings */ = {
			isa = PBXVariantGroup;
			children = (
				6269C950146A5ECE00B08F4C /* en */,
			);
			name = InfoPlist.strings;
			sourceTree = "<group>";
		};
/* End PBXVariantGroup section */

/* Begin XCBuildConfiguration section */
		6269C955146A5ECE00B08F4C /* Debug */ = {
			isa = XCBuildConfiguration;
			buildSettings = {
				ALWAYS_SEARCH_USER_PATHS = NO;
				ARCHS = "$(ARCHS_STANDARD_32_BIT)";
				CLANG_ENABLE_OBJC_ARC = YES;
				"CODE_SIGN_IDENTITY[sdk=iphoneos*]" = "iPhone Developer";
				COPY_PHASE_STRIP = NO;
				GCC_C_LANGUAGE_STANDARD = gnu99;
				GCC_DYNAMIC_NO_PIC = NO;
				GCC_OPTIMIZATION_LEVEL = 0;
				GCC_PREPROCESSOR_DEFINITIONS = (
					"DEBUG=1",
					"$(inherited)",
				);
				GCC_SYMBOLS_PRIVATE_EXTERN = NO;
				GCC_VERSION = com.apple.compilers.llvm.clang.1_0;
				GCC_WARN_ABOUT_MISSING_PROTOTYPES = YES;
				GCC_WARN_ABOUT_RETURN_TYPE = YES;
				GCC_WARN_UNUSED_VARIABLE = YES;
				IPHONEOS_DEPLOYMENT_TARGET = 5.0;
				SDKROOT = iphoneos;
				TARGETED_DEVICE_FAMILY = "1,2";
			};
			name = Debug;
		};
		6269C956146A5ECE00B08F4C /* Release */ = {
			isa = XCBuildConfiguration;
			buildSettings = {
				ALWAYS_SEARCH_USER_PATHS = NO;
				ARCHS = "$(ARCHS_STANDARD_32_BIT)";
				CLANG_ENABLE_OBJC_ARC = YES;
				"CODE_SIGN_IDENTITY[sdk=iphoneos*]" = "iPhone Developer";
				COPY_PHASE_STRIP = YES;
				GCC_C_LANGUAGE_STANDARD = gnu99;
				GCC_VERSION = com.apple.compilers.llvm.clang.1_0;
				GCC_WARN_ABOUT_MISSING_PROTOTYPES = YES;
				GCC_WARN_ABOUT_RETURN_TYPE = YES;
				GCC_WARN_UNUSED_VARIABLE = YES;
				IPHONEOS_DEPLOYMENT_TARGET = 5.0;
				OTHER_CFLAGS = "-DNS_BLOCK_ASSERTIONS=1";
				SDKROOT = iphoneos;
				TARGETED_DEVICE_FAMILY = "1,2";
				VALIDATE_PRODUCT = YES;
			};
			name = Release;
		};
		6269C958146A5ECE00B08F4C /* Debug */ = {
			isa = XCBuildConfiguration;
			buildSettings = {
				GCC_PRECOMPILE_PREFIX_HEADER = YES;
				GCC_PREFIX_HEADER = "demo/demo-Prefix.pch";
				INFOPLIST_FILE = "demo/demo-Info.plist";
				PRODUCT_NAME = "$(TARGET_NAME)";
				TARGETED_DEVICE_FAMILY = "1,2";
				WRAPPER_EXTENSION = app;
			};
			name = Debug;
		};
		6269C959146A5ECE00B08F4C /* Release */ = {
			isa = XCBuildConfiguration;
			buildSettings = {
				GCC_PRECOMPILE_PREFIX_HEADER = YES;
				GCC_PREFIX_HEADER = "demo/demo-Prefix.pch";
				INFOPLIST_FILE = "demo/demo-Info.plist";
				PRODUCT_NAME = "$(TARGET_NAME)";
				TARGETED_DEVICE_FAMILY = "1,2";
				WRAPPER_EXTENSION = app;
			};
			name = Release;
		};
		6269C95B146A5ECE00B08F4C /* Debug */ = {
			isa = XCBuildConfiguration;
			buildSettings = {
				BUNDLE_LOADER = "$(BUILT_PRODUCTS_DIR)/demo.app/demo";
				FRAMEWORK_SEARCH_PATHS = (
					"$(SDKROOT)/Developer/Library/Frameworks",
					"$(DEVELOPER_LIBRARY_DIR)/Frameworks",
				);
				GCC_PRECOMPILE_PREFIX_HEADER = YES;
				GCC_PREFIX_HEADER = "demo/demo-Prefix.pch";
				INFOPLIST_FILE = "demoTests/demoTests-Info.plist";
				PRODUCT_NAME = "$(TARGET_NAME)";
				TEST_HOST = "$(BUNDLE_LOADER)";
				WRAPPER_EXTENSION = octest;
			};
			name = Debug;
		};
		6269C95C146A5ECE00B08F4C /* Release */ = {
			isa = XCBuildConfiguration;
			buildSettings = {
				BUNDLE_LOADER = "$(BUILT_PRODUCTS_DIR)/demo.app/demo";
				FRAMEWORK_SEARCH_PATHS = (
					"$(SDKROOT)/Developer/Library/Frameworks",
					"$(DEVELOPER_LIBRARY_DIR)/Frameworks",
				);
				GCC_PRECOMPILE_PREFIX_HEADER = YES;
				GCC_PREFIX_HEADER = "demo/demo-Prefix.pch";
				INFOPLIST_FILE = "demoTests/demoTests-Info.plist";
				PRODUCT_NAME = "$(TARGET_NAME)";
				TEST_HOST = "$(BUNDLE_LOADER)";
				WRAPPER_EXTENSION = octest;
			};
			name = Release;
		};
/* End XCBuildConfiguration section */

/* Begin XCConfigurationList section */
		6269C918146A5ECD00B08F4C /* Build configuration list for PBXProject "demo" */ = {
			isa = XCConfigurationList;
			buildConfigurations = (
				6269C955146A5ECE00B08F4C /* Debug */,
				6269C956146A5ECE00B08F4C /* Release */,
			);
			defaultConfigurationIsVisible = 0;
			defaultConfigurationName = Release;
		};
		6269C957146A5ECE00B08F4C /* Build configuration list for PBXNativeTarget "demo" */ = {
			isa = XCConfigurationList;
			buildConfigurations = (
				6269C958146A5ECE00B08F4C /* Debug */,
				6269C959146A5ECE00B08F4C /* Release */,
			);
			defaultConfigurationIsVisible = 0;
			defaultConfigurationName = Release;
		};
		6269C95A146A5ECE00B08F4C /* Build configuration list for PBXNativeTarget "demoTests" */ = {
			isa = XCConfigurationList;
			buildConfigurations = (
				6269C95B146A5ECE00B08F4C /* Debug */,
				6269C95C146A5ECE00B08F4C /* Release */,
			);
			defaultConfigurationIsVisible = 0;
			defaultConfigurationName = Release;
		};
/* End XCConfigurationList section */
	};
	rootObject = 6269C915146A5ECD00B08F4C /* Project object */;
}
